// !$*UTF8*$!
{
	archiveVersion = 1;
	classes = {
	};
	objectVersion = 46;
	objects = {

/* Begin PBXBuildFile section */
		6B0DEA431E0159D600FD04A5 /* ExtensionsTests.swift in Sources */ = {isa = PBXBuildFile; fileRef = 6B0DEA421E0159D600FD04A5 /* ExtensionsTests.swift */; };
		6B6E6B5F1DF3A42000A13915 /* Nimble.framework in Frameworks */ = {isa = PBXBuildFile; fileRef = 6B6E6B5E1DF3A42000A13915 /* Nimble.framework */; };
		6B6E6B611DF3A47F00A13915 /* Nimble.framework in CopyFiles */ = {isa = PBXBuildFile; fileRef = 6B6E6B5E1DF3A42000A13915 /* Nimble.framework */; settings = {ATTRIBUTES = (CodeSignOnCopy, RemoveHeadersOnCopy, ); }; };
		6BADB69E1E1C1B2500251374 /* UIViewController+AlertController.swift in Sources */ = {isa = PBXBuildFile; fileRef = 6BADB69D1E1C1B2500251374 /* UIViewController+AlertController.swift */; };
		6BADB6A01E1C1EAB00251374 /* Operation.swift in Sources */ = {isa = PBXBuildFile; fileRef = 6BADB69F1E1C1EAB00251374 /* Operation.swift */; };
		6BADB6A11E1C1EAB00251374 /* Operation.swift in Sources */ = {isa = PBXBuildFile; fileRef = 6BADB69F1E1C1EAB00251374 /* Operation.swift */; };
		6BDD3B051DDCEE5E002B47A7 /* ARKExtensions-iOS.h in Headers */ = {isa = PBXBuildFile; fileRef = 6BDD3B031DDCEE5E002B47A7 /* ARKExtensions-iOS.h */; settings = {ATTRIBUTES = (Public, ); }; };
		6BDD3B0A1DDCEE78002B47A7 /* Constraints.swift in Sources */ = {isa = PBXBuildFile; fileRef = 6BDD3B091DDCEE78002B47A7 /* Constraints.swift */; };
		6BDD3B0C1DDCEEFC002B47A7 /* Misc.swift in Sources */ = {isa = PBXBuildFile; fileRef = 6BDD3B0B1DDCEEFC002B47A7 /* Misc.swift */; };
		6BDD3B0D1DDCEFDF002B47A7 /* Extensions.swift in Sources */ = {isa = PBXBuildFile; fileRef = 6BDD3AFA1DDCEDE7002B47A7 /* Extensions.swift */; };
		6BDD3B121DDCF167002B47A7 /* NSTimer+Blocks.m in Sources */ = {isa = PBXBuildFile; fileRef = 6BDD3B0F1DDCF15D002B47A7 /* NSTimer+Blocks.m */; };
		6BDD3B131DDCF4CA002B47A7 /* NSTimer+Blocks.h in Headers */ = {isa = PBXBuildFile; fileRef = 6BDD3B0E1DDCF15D002B47A7 /* NSTimer+Blocks.h */; settings = {ATTRIBUTES = (Public, ); }; };
		6BDD3B1D1DDCF8CB002B47A7 /* ARKExtensions-macOS.h in Headers */ = {isa = PBXBuildFile; fileRef = 6BDD3B1B1DDCF8CB002B47A7 /* ARKExtensions-macOS.h */; settings = {ATTRIBUTES = (Public, ); }; };
		6BDD3B211DDCF951002B47A7 /* Extensions.swift in Sources */ = {isa = PBXBuildFile; fileRef = 6BDD3AFA1DDCEDE7002B47A7 /* Extensions.swift */; };
		6BDD3B221DDCF957002B47A7 /* NSTimer+Blocks.h in Headers */ = {isa = PBXBuildFile; fileRef = 6BDD3B0E1DDCF15D002B47A7 /* NSTimer+Blocks.h */; settings = {ATTRIBUTES = (Public, ); }; };
		6BDD3B231DDCF95E002B47A7 /* NSTimer+Blocks.m in Sources */ = {isa = PBXBuildFile; fileRef = 6BDD3B0F1DDCF15D002B47A7 /* NSTimer+Blocks.m */; };
		6BF80E511DF382BC00F0635C /* Enumerable.swift in Sources */ = {isa = PBXBuildFile; fileRef = 6BF80E501DF382BC00F0635C /* Enumerable.swift */; };
		6BF80E681DF3848C00F0635C /* EnumerableTests.swift in Sources */ = {isa = PBXBuildFile; fileRef = 6BF80E671DF3848C00F0635C /* EnumerableTests.swift */; };
		6BF80E6A1DF3848C00F0635C /* ARKExtensions.framework in Frameworks */ = {isa = PBXBuildFile; fileRef = 6BDD3B191DDCF8CB002B47A7 /* ARKExtensions.framework */; };
		6BF80E761DF3870400F0635C /* Enumerable.swift in Sources */ = {isa = PBXBuildFile; fileRef = 6BF80E501DF382BC00F0635C /* Enumerable.swift */; };
/* End PBXBuildFile section */

/* Begin PBXContainerItemProxy section */
		6BF80E6B1DF3848C00F0635C /* PBXContainerItemProxy */ = {
			isa = PBXContainerItemProxy;
			containerPortal = 6BDD3AE61DDCECC6002B47A7 /* Project object */;
			proxyType = 1;
			remoteGlobalIDString = 6BDD3B181DDCF8CB002B47A7;
			remoteInfo = "ARKExtensions-macOS";
		};
/* End PBXContainerItemProxy section */

/* Begin PBXCopyFilesBuildPhase section */
		6B6E6B601DF3A47700A13915 /* CopyFiles */ = {
			isa = PBXCopyFilesBuildPhase;
			buildActionMask = 2147483647;
			dstPath = "";
			dstSubfolderSpec = 10;
			files = (
				6B6E6B611DF3A47F00A13915 /* Nimble.framework in CopyFiles */,
			);
			runOnlyForDeploymentPostprocessing = 0;
		};
/* End PBXCopyFilesBuildPhase section */

/* Begin PBXFileReference section */
		6B0DEA421E0159D600FD04A5 /* ExtensionsTests.swift */ = {isa = PBXFileReference; fileEncoding = 4; lastKnownFileType = sourcecode.swift; path = ExtensionsTests.swift; sourceTree = "<group>"; };
		6B6E6B5E1DF3A42000A13915 /* Nimble.framework */ = {isa = PBXFileReference; lastKnownFileType = wrapper.framework; path = Nimble.framework; sourceTree = "<group>"; };
		6BADB69D1E1C1B2500251374 /* UIViewController+AlertController.swift */ = {isa = PBXFileReference; fileEncoding = 4; lastKnownFileType = sourcecode.swift; path = "UIViewController+AlertController.swift"; sourceTree = "<group>"; };
		6BADB69F1E1C1EAB00251374 /* Operation.swift */ = {isa = PBXFileReference; fileEncoding = 4; lastKnownFileType = sourcecode.swift; path = Operation.swift; sourceTree = "<group>"; };
		6BDD3AFA1DDCEDE7002B47A7 /* Extensions.swift */ = {isa = PBXFileReference; fileEncoding = 4; lastKnownFileType = sourcecode.swift; path = Extensions.swift; sourceTree = "<group>"; };
		6BDD3B011DDCEE5E002B47A7 /* ARKExtensions.framework */ = {isa = PBXFileReference; explicitFileType = wrapper.framework; includeInIndex = 0; path = ARKExtensions.framework; sourceTree = BUILT_PRODUCTS_DIR; };
		6BDD3B031DDCEE5E002B47A7 /* ARKExtensions-iOS.h */ = {isa = PBXFileReference; lastKnownFileType = sourcecode.c.h; path = "ARKExtensions-iOS.h"; sourceTree = "<group>"; };
		6BDD3B041DDCEE5E002B47A7 /* Info.plist */ = {isa = PBXFileReference; lastKnownFileType = text.plist.xml; path = Info.plist; sourceTree = "<group>"; };
		6BDD3B091DDCEE78002B47A7 /* Constraints.swift */ = {isa = PBXFileReference; fileEncoding = 4; lastKnownFileType = sourcecode.swift; path = Constraints.swift; sourceTree = "<group>"; };
		6BDD3B0B1DDCEEFC002B47A7 /* Misc.swift */ = {isa = PBXFileReference; fileEncoding = 4; lastKnownFileType = sourcecode.swift; path = Misc.swift; sourceTree = "<group>"; };
		6BDD3B0E1DDCF15D002B47A7 /* NSTimer+Blocks.h */ = {isa = PBXFileReference; fileEncoding = 4; lastKnownFileType = sourcecode.c.h; path = "NSTimer+Blocks.h"; sourceTree = "<group>"; };
		6BDD3B0F1DDCF15D002B47A7 /* NSTimer+Blocks.m */ = {isa = PBXFileReference; fileEncoding = 4; lastKnownFileType = sourcecode.c.objc; path = "NSTimer+Blocks.m"; sourceTree = "<group>"; };
		6BDD3B191DDCF8CB002B47A7 /* ARKExtensions.framework */ = {isa = PBXFileReference; explicitFileType = wrapper.framework; includeInIndex = 0; path = ARKExtensions.framework; sourceTree = BUILT_PRODUCTS_DIR; };
		6BDD3B1B1DDCF8CB002B47A7 /* ARKExtensions-macOS.h */ = {isa = PBXFileReference; lastKnownFileType = sourcecode.c.h; path = "ARKExtensions-macOS.h"; sourceTree = "<group>"; };
		6BDD3B1C1DDCF8CB002B47A7 /* Info.plist */ = {isa = PBXFileReference; lastKnownFileType = text.plist.xml; path = Info.plist; sourceTree = "<group>"; };
		6BF80E501DF382BC00F0635C /* Enumerable.swift */ = {isa = PBXFileReference; fileEncoding = 4; lastKnownFileType = sourcecode.swift; path = Enumerable.swift; sourceTree = "<group>"; };
		6BF80E651DF3848C00F0635C /* ARKExtensions-macOSTests.xctest */ = {isa = PBXFileReference; explicitFileType = wrapper.cfbundle; includeInIndex = 0; path = "ARKExtensions-macOSTests.xctest"; sourceTree = BUILT_PRODUCTS_DIR; };
		6BF80E671DF3848C00F0635C /* EnumerableTests.swift */ = {isa = PBXFileReference; lastKnownFileType = sourcecode.swift; path = EnumerableTests.swift; sourceTree = "<group>"; };
		6BF80E691DF3848C00F0635C /* Info.plist */ = {isa = PBXFileReference; lastKnownFileType = text.plist.xml; path = Info.plist; sourceTree = "<group>"; };
/* End PBXFileReference section */

/* Begin PBXFrameworksBuildPhase section */
		6BDD3AFD1DDCEE5E002B47A7 /* Frameworks */ = {
			isa = PBXFrameworksBuildPhase;
			buildActionMask = 2147483647;
			files = (
			);
			runOnlyForDeploymentPostprocessing = 0;
		};
		6BDD3B151DDCF8CB002B47A7 /* Frameworks */ = {
			isa = PBXFrameworksBuildPhase;
			buildActionMask = 2147483647;
			files = (
			);
			runOnlyForDeploymentPostprocessing = 0;
		};
		6BF80E621DF3848C00F0635C /* Frameworks */ = {
			isa = PBXFrameworksBuildPhase;
			buildActionMask = 2147483647;
			files = (
				6BF80E6A1DF3848C00F0635C /* ARKExtensions.framework in Frameworks */,
				6B6E6B5F1DF3A42000A13915 /* Nimble.framework in Frameworks */,
			);
			runOnlyForDeploymentPostprocessing = 0;
		};
/* End PBXFrameworksBuildPhase section */

/* Begin PBXGroup section */
		6BCA669F1DF38AC700A7B851 /* Frameworks */ = {
			isa = PBXGroup;
			children = (
			);
			name = Frameworks;
			sourceTree = "<group>";
		};
		6BDD3AE51DDCECC6002B47A7 = {
			isa = PBXGroup;
			children = (
				6BCA669F1DF38AC700A7B851 /* Frameworks */,
				6BDD3AF11DDCECC6002B47A7 /* ARKExtensions */,
				6BDD3B021DDCEE5E002B47A7 /* ARKExtensions-iOS */,
				6BDD3B1A1DDCF8CB002B47A7 /* ARKExtensions-macOS */,
				6BF80E661DF3848C00F0635C /* ARKExtensions-macOSTests */,
				6BDD3AF01DDCECC6002B47A7 /* Products */,
			);
			sourceTree = "<group>";
		};
		6BDD3AF01DDCECC6002B47A7 /* Products */ = {
			isa = PBXGroup;
			children = (
				6BDD3B011DDCEE5E002B47A7 /* ARKExtensions.framework */,
				6BDD3B191DDCF8CB002B47A7 /* ARKExtensions.framework */,
				6BF80E651DF3848C00F0635C /* ARKExtensions-macOSTests.xctest */,
			);
			name = Products;
			sourceTree = "<group>";
		};
		6BDD3AF11DDCECC6002B47A7 /* ARKExtensions */ = {
			isa = PBXGroup;
			children = (
				6BDD3AFA1DDCEDE7002B47A7 /* Extensions.swift */,
				6BF80E501DF382BC00F0635C /* Enumerable.swift */,
				6BDD3B0E1DDCF15D002B47A7 /* NSTimer+Blocks.h */,
				6BDD3B0F1DDCF15D002B47A7 /* NSTimer+Blocks.m */,
				6BADB69F1E1C1EAB00251374 /* Operation.swift */,
			);
			path = ARKExtensions;
			sourceTree = "<group>";
		};
		6BDD3B021DDCEE5E002B47A7 /* ARKExtensions-iOS */ = {
			isa = PBXGroup;
			children = (
				6BDD3B031DDCEE5E002B47A7 /* ARKExtensions-iOS.h */,
				6BDD3B041DDCEE5E002B47A7 /* Info.plist */,
				6BDD3B091DDCEE78002B47A7 /* Constraints.swift */,
				6BADB69D1E1C1B2500251374 /* UIViewController+AlertController.swift */,
				6BDD3B0B1DDCEEFC002B47A7 /* Misc.swift */,
			);
			path = "ARKExtensions-iOS";
			sourceTree = "<group>";
		};
		6BDD3B1A1DDCF8CB002B47A7 /* ARKExtensions-macOS */ = {
			isa = PBXGroup;
			children = (
				6BDD3B1B1DDCF8CB002B47A7 /* ARKExtensions-macOS.h */,
				6BDD3B1C1DDCF8CB002B47A7 /* Info.plist */,
			);
			path = "ARKExtensions-macOS";
			sourceTree = "<group>";
		};
		6BF80E661DF3848C00F0635C /* ARKExtensions-macOSTests */ = {
			isa = PBXGroup;
			children = (
				6B0DEA421E0159D600FD04A5 /* ExtensionsTests.swift */,
				6B6E6B5E1DF3A42000A13915 /* Nimble.framework */,
				6BF80E671DF3848C00F0635C /* EnumerableTests.swift */,
				6BF80E691DF3848C00F0635C /* Info.plist */,
			);
			path = "ARKExtensions-macOSTests";
			sourceTree = "<group>";
		};
/* End PBXGroup section */

/* Begin PBXHeadersBuildPhase section */
		6BDD3AFE1DDCEE5E002B47A7 /* Headers */ = {
			isa = PBXHeadersBuildPhase;
			buildActionMask = 2147483647;
			files = (
				6BDD3B051DDCEE5E002B47A7 /* ARKExtensions-iOS.h in Headers */,
				6BDD3B131DDCF4CA002B47A7 /* NSTimer+Blocks.h in Headers */,
			);
			runOnlyForDeploymentPostprocessing = 0;
		};
		6BDD3B161DDCF8CB002B47A7 /* Headers */ = {
			isa = PBXHeadersBuildPhase;
			buildActionMask = 2147483647;
			files = (
				6BDD3B1D1DDCF8CB002B47A7 /* ARKExtensions-macOS.h in Headers */,
				6BDD3B221DDCF957002B47A7 /* NSTimer+Blocks.h in Headers */,
			);
			runOnlyForDeploymentPostprocessing = 0;
		};
/* End PBXHeadersBuildPhase section */

/* Begin PBXNativeTarget section */
		6BDD3B001DDCEE5E002B47A7 /* ARKExtensions-iOS */ = {
			isa = PBXNativeTarget;
			buildConfigurationList = 6BDD3B061DDCEE5E002B47A7 /* Build configuration list for PBXNativeTarget "ARKExtensions-iOS" */;
			buildPhases = (
				6BDD3AFC1DDCEE5E002B47A7 /* Sources */,
				6BDD3AFD1DDCEE5E002B47A7 /* Frameworks */,
				6BDD3AFE1DDCEE5E002B47A7 /* Headers */,
				6BDD3AFF1DDCEE5E002B47A7 /* Resources */,
			);
			buildRules = (
			);
			dependencies = (
			);
			name = "ARKExtensions-iOS";
			productName = "ARKExtensions-iOS";
			productReference = 6BDD3B011DDCEE5E002B47A7 /* ARKExtensions.framework */;
			productType = "com.apple.product-type.framework";
		};
		6BDD3B181DDCF8CB002B47A7 /* ARKExtensions-macOS */ = {
			isa = PBXNativeTarget;
			buildConfigurationList = 6BDD3B201DDCF8CB002B47A7 /* Build configuration list for PBXNativeTarget "ARKExtensions-macOS" */;
			buildPhases = (
				6BDD3B141DDCF8CB002B47A7 /* Sources */,
				6BDD3B151DDCF8CB002B47A7 /* Frameworks */,
				6BDD3B161DDCF8CB002B47A7 /* Headers */,
				6BDD3B171DDCF8CB002B47A7 /* Resources */,
			);
			buildRules = (
			);
			dependencies = (
			);
			name = "ARKExtensions-macOS";
			productName = "ARKExtensions-macOS";
			productReference = 6BDD3B191DDCF8CB002B47A7 /* ARKExtensions.framework */;
			productType = "com.apple.product-type.framework";
		};
		6BF80E641DF3848C00F0635C /* ARKExtensions-macOSTests */ = {
			isa = PBXNativeTarget;
			buildConfigurationList = 6BF80E6D1DF3848C00F0635C /* Build configuration list for PBXNativeTarget "ARKExtensions-macOSTests" */;
			buildPhases = (
				6BF80E611DF3848C00F0635C /* Sources */,
				6BF80E621DF3848C00F0635C /* Frameworks */,
				6BF80E631DF3848C00F0635C /* Resources */,
				6B6E6B601DF3A47700A13915 /* CopyFiles */,
			);
			buildRules = (
			);
			dependencies = (
				6BF80E6C1DF3848C00F0635C /* PBXTargetDependency */,
			);
			name = "ARKExtensions-macOSTests";
			productName = "ARKExtensions-macOSTests";
			productReference = 6BF80E651DF3848C00F0635C /* ARKExtensions-macOSTests.xctest */;
			productType = "com.apple.product-type.bundle.unit-test";
		};
/* End PBXNativeTarget section */

/* Begin PBXProject section */
		6BDD3AE61DDCECC6002B47A7 /* Project object */ = {
			isa = PBXProject;
			attributes = {
				LastSwiftUpdateCheck = 0800;
				LastUpgradeCheck = 0820;
				ORGANIZATIONNAME = arkdan;
				TargetAttributes = {
					6BDD3B001DDCEE5E002B47A7 = {
						CreatedOnToolsVersion = 8.0;
						LastSwiftMigration = 0800;
						ProvisioningStyle = Automatic;
					};
					6BDD3B181DDCF8CB002B47A7 = {
						CreatedOnToolsVersion = 8.0;
						ProvisioningStyle = Automatic;
					};
					6BF80E641DF3848C00F0635C = {
						CreatedOnToolsVersion = 8.0;
						ProvisioningStyle = Automatic;
					};
				};
			};
			buildConfigurationList = 6BDD3AE91DDCECC6002B47A7 /* Build configuration list for PBXProject "ARKExtensions" */;
			compatibilityVersion = "Xcode 3.2";
			developmentRegion = English;
			hasScannedForEncodings = 0;
			knownRegions = (
				en,
			);
			mainGroup = 6BDD3AE51DDCECC6002B47A7;
			productRefGroup = 6BDD3AF01DDCECC6002B47A7 /* Products */;
			projectDirPath = "";
			projectRoot = "";
			targets = (
				6BDD3B001DDCEE5E002B47A7 /* ARKExtensions-iOS */,
				6BDD3B181DDCF8CB002B47A7 /* ARKExtensions-macOS */,
				6BF80E641DF3848C00F0635C /* ARKExtensions-macOSTests */,
			);
		};
/* End PBXProject section */

/* Begin PBXResourcesBuildPhase section */
		6BDD3AFF1DDCEE5E002B47A7 /* Resources */ = {
			isa = PBXResourcesBuildPhase;
			buildActionMask = 2147483647;
			files = (
			);
			runOnlyForDeploymentPostprocessing = 0;
		};
		6BDD3B171DDCF8CB002B47A7 /* Resources */ = {
			isa = PBXResourcesBuildPhase;
			buildActionMask = 2147483647;
			files = (
			);
			runOnlyForDeploymentPostprocessing = 0;
		};
		6BF80E631DF3848C00F0635C /* Resources */ = {
			isa = PBXResourcesBuildPhase;
			buildActionMask = 2147483647;
			files = (
			);
			runOnlyForDeploymentPostprocessing = 0;
		};
/* End PBXResourcesBuildPhase section */

/* Begin PBXSourcesBuildPhase section */
		6BDD3AFC1DDCEE5E002B47A7 /* Sources */ = {
			isa = PBXSourcesBuildPhase;
			buildActionMask = 2147483647;
			files = (
				6BDD3B0A1DDCEE78002B47A7 /* Constraints.swift in Sources */,
				6BADB6A01E1C1EAB00251374 /* Operation.swift in Sources */,
				6BADB69E1E1C1B2500251374 /* UIViewController+AlertController.swift in Sources */,
				6BDD3B0D1DDCEFDF002B47A7 /* Extensions.swift in Sources */,
				6BDD3B121DDCF167002B47A7 /* NSTimer+Blocks.m in Sources */,
				6BDD3B0C1DDCEEFC002B47A7 /* Misc.swift in Sources */,
				6BF80E511DF382BC00F0635C /* Enumerable.swift in Sources */,
			);
			runOnlyForDeploymentPostprocessing = 0;
		};
		6BDD3B141DDCF8CB002B47A7 /* Sources */ = {
			isa = PBXSourcesBuildPhase;
			buildActionMask = 2147483647;
			files = (
				6BF80E761DF3870400F0635C /* Enumerable.swift in Sources */,
				6BDD3B231DDCF95E002B47A7 /* NSTimer+Blocks.m in Sources */,
				6BDD3B211DDCF951002B47A7 /* Extensions.swift in Sources */,
				6BADB6A11E1C1EAB00251374 /* Operation.swift in Sources */,
			);
			runOnlyForDeploymentPostprocessing = 0;
		};
		6BF80E611DF3848C00F0635C /* Sources */ = {
			isa = PBXSourcesBuildPhase;
			buildActionMask = 2147483647;
			files = (
				6BF80E681DF3848C00F0635C /* EnumerableTests.swift in Sources */,
				6B0DEA431E0159D600FD04A5 /* ExtensionsTests.swift in Sources */,
			);
			runOnlyForDeploymentPostprocessing = 0;
		};
/* End PBXSourcesBuildPhase section */

/* Begin PBXTargetDependency section */
		6BF80E6C1DF3848C00F0635C /* PBXTargetDependency */ = {
			isa = PBXTargetDependency;
			target = 6BDD3B181DDCF8CB002B47A7 /* ARKExtensions-macOS */;
			targetProxy = 6BF80E6B1DF3848C00F0635C /* PBXContainerItemProxy */;
		};
/* End PBXTargetDependency section */

/* Begin XCBuildConfiguration section */
		6BDD3AF51DDCECC6002B47A7 /* Debug */ = {
			isa = XCBuildConfiguration;
			buildSettings = {
				ALWAYS_SEARCH_USER_PATHS = NO;
				CLANG_ANALYZER_NONNULL = YES;
				CLANG_CXX_LANGUAGE_STANDARD = "gnu++0x";
				CLANG_CXX_LIBRARY = "libc++";
				CLANG_ENABLE_MODULES = YES;
				CLANG_ENABLE_OBJC_ARC = YES;
				CLANG_WARN_BOOL_CONVERSION = YES;
				CLANG_WARN_CONSTANT_CONVERSION = YES;
				CLANG_WARN_DIRECT_OBJC_ISA_USAGE = YES_ERROR;
				CLANG_WARN_DOCUMENTATION_COMMENTS = YES;
				CLANG_WARN_EMPTY_BODY = YES;
				CLANG_WARN_ENUM_CONVERSION = YES;
				CLANG_WARN_INFINITE_RECURSION = YES;
				CLANG_WARN_INT_CONVERSION = YES;
				CLANG_WARN_OBJC_ROOT_CLASS = YES_ERROR;
				CLANG_WARN_SUSPICIOUS_MOVES = YES;
				CLANG_WARN_UNREACHABLE_CODE = YES;
				CLANG_WARN__DUPLICATE_METHOD_MATCH = YES;
				CODE_SIGN_IDENTITY = "-";
				COPY_PHASE_STRIP = NO;
				CURRENT_PROJECT_VERSION = 1;
				DEBUG_INFORMATION_FORMAT = dwarf;
				ENABLE_STRICT_OBJC_MSGSEND = YES;
				ENABLE_TESTABILITY = YES;
				GCC_C_LANGUAGE_STANDARD = gnu99;
				GCC_DYNAMIC_NO_PIC = NO;
				GCC_NO_COMMON_BLOCKS = YES;
				GCC_OPTIMIZATION_LEVEL = 0;
				GCC_PREPROCESSOR_DEFINITIONS = (
					"DEBUG=1",
					"$(inherited)",
				);
				GCC_WARN_64_TO_32_BIT_CONVERSION = YES;
				GCC_WARN_ABOUT_RETURN_TYPE = YES_ERROR;
				GCC_WARN_UNDECLARED_SELECTOR = YES;
				GCC_WARN_UNINITIALIZED_AUTOS = YES_AGGRESSIVE;
				GCC_WARN_UNUSED_FUNCTION = YES;
				GCC_WARN_UNUSED_VARIABLE = YES;
				MACOSX_DEPLOYMENT_TARGET = 10.11;
				MTL_ENABLE_DEBUG_INFO = YES;
				ONLY_ACTIVE_ARCH = YES;
				SDKROOT = macosx;
				SWIFT_ACTIVE_COMPILATION_CONDITIONS = DEBUG;
				SWIFT_OPTIMIZATION_LEVEL = "-Onone";
				VERSIONING_SYSTEM = "apple-generic";
				VERSION_INFO_PREFIX = "";
			};
			name = Debug;
		};
		6BDD3AF61DDCECC6002B47A7 /* Release */ = {
			isa = XCBuildConfiguration;
			buildSettings = {
				ALWAYS_SEARCH_USER_PATHS = NO;
				CLANG_ANALYZER_NONNULL = YES;
				CLANG_CXX_LANGUAGE_STANDARD = "gnu++0x";
				CLANG_CXX_LIBRARY = "libc++";
				CLANG_ENABLE_MODULES = YES;
				CLANG_ENABLE_OBJC_ARC = YES;
				CLANG_WARN_BOOL_CONVERSION = YES;
				CLANG_WARN_CONSTANT_CONVERSION = YES;
				CLANG_WARN_DIRECT_OBJC_ISA_USAGE = YES_ERROR;
				CLANG_WARN_DOCUMENTATION_COMMENTS = YES;
				CLANG_WARN_EMPTY_BODY = YES;
				CLANG_WARN_ENUM_CONVERSION = YES;
				CLANG_WARN_INFINITE_RECURSION = YES;
				CLANG_WARN_INT_CONVERSION = YES;
				CLANG_WARN_OBJC_ROOT_CLASS = YES_ERROR;
				CLANG_WARN_SUSPICIOUS_MOVES = YES;
				CLANG_WARN_UNREACHABLE_CODE = YES;
				CLANG_WARN__DUPLICATE_METHOD_MATCH = YES;
				CODE_SIGN_IDENTITY = "-";
				COPY_PHASE_STRIP = NO;
				CURRENT_PROJECT_VERSION = 1;
				DEBUG_INFORMATION_FORMAT = "dwarf-with-dsym";
				ENABLE_NS_ASSERTIONS = NO;
				ENABLE_STRICT_OBJC_MSGSEND = YES;
				GCC_C_LANGUAGE_STANDARD = gnu99;
				GCC_NO_COMMON_BLOCKS = YES;
				GCC_WARN_64_TO_32_BIT_CONVERSION = YES;
				GCC_WARN_ABOUT_RETURN_TYPE = YES_ERROR;
				GCC_WARN_UNDECLARED_SELECTOR = YES;
				GCC_WARN_UNINITIALIZED_AUTOS = YES_AGGRESSIVE;
				GCC_WARN_UNUSED_FUNCTION = YES;
				GCC_WARN_UNUSED_VARIABLE = YES;
				MACOSX_DEPLOYMENT_TARGET = 10.11;
				MTL_ENABLE_DEBUG_INFO = NO;
				SDKROOT = macosx;
				SWIFT_OPTIMIZATION_LEVEL = "-Owholemodule";
				VERSIONING_SYSTEM = "apple-generic";
				VERSION_INFO_PREFIX = "";
			};
			name = Release;
		};
		6BDD3B071DDCEE5E002B47A7 /* Debug */ = {
			isa = XCBuildConfiguration;
			buildSettings = {
				CLANG_ENABLE_MODULES = YES;
				CODE_SIGN_IDENTITY = "";
				"CODE_SIGN_IDENTITY[sdk=iphoneos*]" = "";
				DEFINES_MODULE = YES;
				DYLIB_COMPATIBILITY_VERSION = 1;
				DYLIB_CURRENT_VERSION = 1;
				DYLIB_INSTALL_NAME_BASE = "@rpath";
				ENABLE_BITCODE = NO;
				INFOPLIST_FILE = "ARKExtensions-iOS/Info.plist";
				INSTALL_PATH = "$(LOCAL_LIBRARY_DIR)/Frameworks";
				IPHONEOS_DEPLOYMENT_TARGET = 8.0;
				LD_RUNPATH_SEARCH_PATHS = "$(inherited) @executable_path/Frameworks @loader_path/Frameworks";
				PRODUCT_BUNDLE_IDENTIFIER = "com.arkdan.ARKExtensions-iOS";
				PRODUCT_NAME = ARKExtensions;
				SDKROOT = iphoneos;
				SKIP_INSTALL = YES;
				SWIFT_OPTIMIZATION_LEVEL = "-Onone";
				SWIFT_VERSION = 3.0;
				TARGETED_DEVICE_FAMILY = "1,2";
			};
			name = Debug;
		};
		6BDD3B081DDCEE5E002B47A7 /* Release */ = {
			isa = XCBuildConfiguration;
			buildSettings = {
				CLANG_ENABLE_MODULES = YES;
				CODE_SIGN_IDENTITY = "";
				"CODE_SIGN_IDENTITY[sdk=iphoneos*]" = "";
				DEFINES_MODULE = YES;
				DYLIB_COMPATIBILITY_VERSION = 1;
				DYLIB_CURRENT_VERSION = 1;
				DYLIB_INSTALL_NAME_BASE = "@rpath";
				ENABLE_BITCODE = NO;
				INFOPLIST_FILE = "ARKExtensions-iOS/Info.plist";
				INSTALL_PATH = "$(LOCAL_LIBRARY_DIR)/Frameworks";
				IPHONEOS_DEPLOYMENT_TARGET = 8.0;
				LD_RUNPATH_SEARCH_PATHS = "$(inherited) @executable_path/Frameworks @loader_path/Frameworks";
				PRODUCT_BUNDLE_IDENTIFIER = "com.arkdan.ARKExtensions-iOS";
				PRODUCT_NAME = ARKExtensions;
				SDKROOT = iphoneos;
				SKIP_INSTALL = YES;
				SWIFT_VERSION = 3.0;
				TARGETED_DEVICE_FAMILY = "1,2";
				VALIDATE_PRODUCT = YES;
			};
			name = Release;
		};
		6BDD3B1E1DDCF8CB002B47A7 /* Debug */ = {
			isa = XCBuildConfiguration;
			buildSettings = {
				CODE_SIGN_IDENTITY = "";
				COMBINE_HIDPI_IMAGES = YES;
				DEFINES_MODULE = YES;
				DYLIB_COMPATIBILITY_VERSION = 1;
				DYLIB_CURRENT_VERSION = 1;
				DYLIB_INSTALL_NAME_BASE = "@rpath";
				FRAMEWORK_SEARCH_PATHS = "";
				FRAMEWORK_VERSION = A;
				INFOPLIST_FILE = "ARKExtensions-macOS/Info.plist";
				INSTALL_PATH = "$(LOCAL_LIBRARY_DIR)/Frameworks";
				LD_RUNPATH_SEARCH_PATHS = "$(inherited) @executable_path/../Frameworks @loader_path/Frameworks";
				MACOSX_DEPLOYMENT_TARGET = 10.9;
				PRODUCT_BUNDLE_IDENTIFIER = "com.arkdan.ARKExtensions-macOS";
				PRODUCT_NAME = ARKExtensions;
				SKIP_INSTALL = YES;
				SWIFT_VERSION = 3.0;
			};
			name = Debug;
		};
		6BDD3B1F1DDCF8CB002B47A7 /* Release */ = {
			isa = XCBuildConfiguration;
			buildSettings = {
				CODE_SIGN_IDENTITY = "";
				COMBINE_HIDPI_IMAGES = YES;
				DEFINES_MODULE = YES;
				DYLIB_COMPATIBILITY_VERSION = 1;
				DYLIB_CURRENT_VERSION = 1;
				DYLIB_INSTALL_NAME_BASE = "@rpath";
				FRAMEWORK_SEARCH_PATHS = "";
				FRAMEWORK_VERSION = A;
				INFOPLIST_FILE = "ARKExtensions-macOS/Info.plist";
				INSTALL_PATH = "$(LOCAL_LIBRARY_DIR)/Frameworks";
				LD_RUNPATH_SEARCH_PATHS = "$(inherited) @executable_path/../Frameworks @loader_path/Frameworks";
				MACOSX_DEPLOYMENT_TARGET = 10.9;
				PRODUCT_BUNDLE_IDENTIFIER = "com.arkdan.ARKExtensions-macOS";
				PRODUCT_NAME = ARKExtensions;
				SKIP_INSTALL = YES;
				SWIFT_VERSION = 3.0;
			};
			name = Release;
		};
		6BF80E6E1DF3848C00F0635C /* Debug */ = {
			isa = XCBuildConfiguration;
			buildSettings = {
				COMBINE_HIDPI_IMAGES = YES;
				FRAMEWORK_SEARCH_PATHS = "$(PROJECT_DIR)/ARKExtensions-macOSTests";
				INFOPLIST_FILE = "ARKExtensions-macOSTests/Info.plist";
				LD_RUNPATH_SEARCH_PATHS = "$(inherited) @executable_path/../Frameworks @loader_path/../Frameworks";
				PRODUCT_BUNDLE_IDENTIFIER = "com.arkdan.ARKExtensions-macOSTests";
				PRODUCT_NAME = "$(TARGET_NAME)";
				SWIFT_VERSION = 3.0;
			};
			name = Debug;
		};
		6BF80E6F1DF3848C00F0635C /* Release */ = {
			isa = XCBuildConfiguration;
			buildSettings = {
				COMBINE_HIDPI_IMAGES = YES;
				FRAMEWORK_SEARCH_PATHS = "$(PROJECT_DIR)/ARKExtensions-macOSTests";
				INFOPLIST_FILE = "ARKExtensions-macOSTests/Info.plist";
				LD_RUNPATH_SEARCH_PATHS = "$(inherited) @executable_path/../Frameworks @loader_path/../Frameworks";
				PRODUCT_BUNDLE_IDENTIFIER = "com.arkdan.ARKExtensions-macOSTests";
				PRODUCT_NAME = "$(TARGET_NAME)";
				SWIFT_VERSION = 3.0;
			};
			name = Release;
		};
/* End XCBuildConfiguration section */

/* Begin XCConfigurationList section */
		6BDD3AE91DDCECC6002B47A7 /* Build configuration list for PBXProject "ARKExtensions" */ = {
			isa = XCConfigurationList;
			buildConfigurations = (
				6BDD3AF51DDCECC6002B47A7 /* Debug */,
				6BDD3AF61DDCECC6002B47A7 /* Release */,
			);
			defaultConfigurationIsVisible = 0;
			defaultConfigurationName = Release;
		};
		6BDD3B061DDCEE5E002B47A7 /* Build configuration list for PBXNativeTarget "ARKExtensions-iOS" */ = {
			isa = XCConfigurationList;
			buildConfigurations = (
				6BDD3B071DDCEE5E002B47A7 /* Debug */,
				6BDD3B081DDCEE5E002B47A7 /* Release */,
			);
			defaultConfigurationIsVisible = 0;
			defaultConfigurationName = Release;
		};
		6BDD3B201DDCF8CB002B47A7 /* Build configuration list for PBXNativeTarget "ARKExtensions-macOS" */ = {
			isa = XCConfigurationList;
			buildConfigurations = (
				6BDD3B1E1DDCF8CB002B47A7 /* Debug */,
				6BDD3B1F1DDCF8CB002B47A7 /* Release */,
			);
			defaultConfigurationIsVisible = 0;
			defaultConfigurationName = Release;
		};
		6BF80E6D1DF3848C00F0635C /* Build configuration list for PBXNativeTarget "ARKExtensions-macOSTests" */ = {
			isa = XCConfigurationList;
			buildConfigurations = (
				6BF80E6E1DF3848C00F0635C /* Debug */,
				6BF80E6F1DF3848C00F0635C /* Release */,
			);
			defaultConfigurationIsVisible = 0;
			defaultConfigurationName = Release;
		};
/* End XCConfigurationList section */
	};
	rootObject = 6BDD3AE61DDCECC6002B47A7 /* Project object */;
}
