// !$*UTF8*$!
{
	archiveVersion = 1;
	classes = {
	};
	objectVersion = 46;
	objects = {

/* Begin PBXBuildFile section */
		040DBE151F5828D300B38F00 /* UICollectionView.swift in Sources */ = {isa = PBXBuildFile; fileRef = 040DBE141F5828D300B38F00 /* UICollectionView.swift */; };
		041C708B1F5936BA00D7CE5D /* ConfiguredCell.swift in Sources */ = {isa = PBXBuildFile; fileRef = 041C708A1F5936BA00D7CE5D /* ConfiguredCell.swift */; };
		04CF4D081FFCFB1F0077128E /* UIView+.swift in Sources */ = {isa = PBXBuildFile; fileRef = 04CF4D031FFCFB1E0077128E /* UIView+.swift */; };
		04CF4D091FFCFB1F0077128E /* UITextView+.swift in Sources */ = {isa = PBXBuildFile; fileRef = 04CF4D041FFCFB1E0077128E /* UITextView+.swift */; };
		04CF4D0A1FFCFB1F0077128E /* UIBarButton+.swift in Sources */ = {isa = PBXBuildFile; fileRef = 04CF4D051FFCFB1F0077128E /* UIBarButton+.swift */; };
		04CF4D0B1FFCFB1F0077128E /* TapAction.swift in Sources */ = {isa = PBXBuildFile; fileRef = 04CF4D061FFCFB1F0077128E /* TapAction.swift */; };
		04CF4D0C1FFCFB1F0077128E /* CGSize+.swift in Sources */ = {isa = PBXBuildFile; fileRef = 04CF4D071FFCFB1F0077128E /* CGSize+.swift */; };
		04CF4D111FFCFC640077128E /* OptionSet+.swift in Sources */ = {isa = PBXBuildFile; fileRef = 04CF4D0D1FFCFC640077128E /* OptionSet+.swift */; };
		04CF4D121FFCFC640077128E /* OptionSet+.swift in Sources */ = {isa = PBXBuildFile; fileRef = 04CF4D0D1FFCFC640077128E /* OptionSet+.swift */; };
		04CF4D131FFCFC640077128E /* DispatchTime+.swift in Sources */ = {isa = PBXBuildFile; fileRef = 04CF4D0E1FFCFC640077128E /* DispatchTime+.swift */; };
		04CF4D141FFCFC640077128E /* DispatchTime+.swift in Sources */ = {isa = PBXBuildFile; fileRef = 04CF4D0E1FFCFC640077128E /* DispatchTime+.swift */; };
		04CF4D151FFCFC640077128E /* String+.swift in Sources */ = {isa = PBXBuildFile; fileRef = 04CF4D0F1FFCFC640077128E /* String+.swift */; };
		04CF4D161FFCFC640077128E /* String+.swift in Sources */ = {isa = PBXBuildFile; fileRef = 04CF4D0F1FFCFC640077128E /* String+.swift */; };
		04CF4D171FFCFC640077128E /* FileManager+.swift in Sources */ = {isa = PBXBuildFile; fileRef = 04CF4D101FFCFC640077128E /* FileManager+.swift */; };
		04CF4D181FFCFC640077128E /* FileManager+.swift in Sources */ = {isa = PBXBuildFile; fileRef = 04CF4D101FFCFC640077128E /* FileManager+.swift */; };
		04CF4D1A1FFCFCD50077128E /* Collection+.swift in Sources */ = {isa = PBXBuildFile; fileRef = 04CF4D191FFCFCD50077128E /* Collection+.swift */; };
		04CF4D1B1FFCFCD50077128E /* Collection+.swift in Sources */ = {isa = PBXBuildFile; fileRef = 04CF4D191FFCFCD50077128E /* Collection+.swift */; };
		210B7C3A1F1A74B000B7C878 /* Extensions.framework in Frameworks */ = {isa = PBXBuildFile; fileRef = 210B7C311F1A74AF00B7C878 /* Extensions.framework */; };
		210B7C411F1A74B000B7C878 /* Extensions.h in Headers */ = {isa = PBXBuildFile; fileRef = 210B7C331F1A74B000B7C878 /* Extensions.h */; settings = {ATTRIBUTES = (Public, ); }; };
		210B7C561F1A77A600B7C878 /* Extensions.framework in Frameworks */ = {isa = PBXBuildFile; fileRef = 210B7C4D1F1A77A500B7C878 /* Extensions.framework */; };
		210B7C5D1F1A77A600B7C878 /* Extension.h in Headers */ = {isa = PBXBuildFile; fileRef = 210B7C4F1F1A77A600B7C878 /* Extension.h */; settings = {ATTRIBUTES = (Public, ); }; };
		210B7C6E1F1A7A7F00B7C878 /* DispatchTimer.swift in Sources */ = {isa = PBXBuildFile; fileRef = 210B7C651F1A7A7F00B7C878 /* DispatchTimer.swift */; };
		210B7C6F1F1A7A7F00B7C878 /* Enumerable.swift in Sources */ = {isa = PBXBuildFile; fileRef = 210B7C661F1A7A7F00B7C878 /* Enumerable.swift */; };
		210B7C701F1A7A7F00B7C878 /* Extensions.swift in Sources */ = {isa = PBXBuildFile; fileRef = 210B7C671F1A7A7F00B7C878 /* Extensions.swift */; };
		210B7C711F1A7A7F00B7C878 /* NSTimer+Blocks.h in Headers */ = {isa = PBXBuildFile; fileRef = 210B7C681F1A7A7F00B7C878 /* NSTimer+Blocks.h */; settings = {ATTRIBUTES = (Public, ); }; };
		210B7C721F1A7A7F00B7C878 /* NSTimer+Blocks.m in Sources */ = {isa = PBXBuildFile; fileRef = 210B7C691F1A7A7F00B7C878 /* NSTimer+Blocks.m */; };
		210B7C731F1A7A7F00B7C878 /* Operation.swift in Sources */ = {isa = PBXBuildFile; fileRef = 210B7C6A1F1A7A7F00B7C878 /* Operation.swift */; };
		210B7C741F1A7A7F00B7C878 /* SynchronizedArray.swift in Sources */ = {isa = PBXBuildFile; fileRef = 210B7C6B1F1A7A7F00B7C878 /* SynchronizedArray.swift */; };
		210B7C751F1A7A7F00B7C878 /* WeakObjectSet.swift in Sources */ = {isa = PBXBuildFile; fileRef = 210B7C6C1F1A7A7F00B7C878 /* WeakObjectSet.swift */; };
		210B7CBC1F1A863200B7C878 /* DispatchTimer.swift in Sources */ = {isa = PBXBuildFile; fileRef = 210B7C651F1A7A7F00B7C878 /* DispatchTimer.swift */; };
		210B7CBD1F1A863200B7C878 /* Enumerable.swift in Sources */ = {isa = PBXBuildFile; fileRef = 210B7C661F1A7A7F00B7C878 /* Enumerable.swift */; };
		210B7CBE1F1A863200B7C878 /* Extensions.swift in Sources */ = {isa = PBXBuildFile; fileRef = 210B7C671F1A7A7F00B7C878 /* Extensions.swift */; };
		210B7CBF1F1A863200B7C878 /* NSTimer+Blocks.m in Sources */ = {isa = PBXBuildFile; fileRef = 210B7C691F1A7A7F00B7C878 /* NSTimer+Blocks.m */; };
		210B7CC01F1A863200B7C878 /* Operation.swift in Sources */ = {isa = PBXBuildFile; fileRef = 210B7C6A1F1A7A7F00B7C878 /* Operation.swift */; };
		210B7CC11F1A863200B7C878 /* SynchronizedArray.swift in Sources */ = {isa = PBXBuildFile; fileRef = 210B7C6B1F1A7A7F00B7C878 /* SynchronizedArray.swift */; };
		210B7CC21F1A863200B7C878 /* WeakObjectSet.swift in Sources */ = {isa = PBXBuildFile; fileRef = 210B7C6C1F1A7A7F00B7C878 /* WeakObjectSet.swift */; };
		210B7CC31F1A864800B7C878 /* NSTimer+Blocks.h in Headers */ = {isa = PBXBuildFile; fileRef = 210B7C681F1A7A7F00B7C878 /* NSTimer+Blocks.h */; settings = {ATTRIBUTES = (Public, ); }; };
		210B7CD21F1A875C00B7C878 /* UIKitExtensions.framework in Frameworks */ = {isa = PBXBuildFile; fileRef = 210B7CC91F1A875B00B7C878 /* UIKitExtensions.framework */; };
		210B7CD91F1A875C00B7C878 /* UIKitExtensions.h in Headers */ = {isa = PBXBuildFile; fileRef = 210B7CCB1F1A875B00B7C878 /* UIKitExtensions.h */; settings = {ATTRIBUTES = (Public, ); }; };
		210B7CE51F1A87CC00B7C878 /* CGFloatConvertible.swift in Sources */ = {isa = PBXBuildFile; fileRef = 210B7CE01F1A87CC00B7C878 /* CGFloatConvertible.swift */; };
		210B7CE61F1A87CC00B7C878 /* Constraints.swift in Sources */ = {isa = PBXBuildFile; fileRef = 210B7CE11F1A87CC00B7C878 /* Constraints.swift */; };
		210B7CE71F1A87CC00B7C878 /* Misc.swift in Sources */ = {isa = PBXBuildFile; fileRef = 210B7CE21F1A87CC00B7C878 /* Misc.swift */; };
		210B7CE81F1A87CC00B7C878 /* UIColor.swift in Sources */ = {isa = PBXBuildFile; fileRef = 210B7CE31F1A87CC00B7C878 /* UIColor.swift */; };
		210B7CE91F1A87CC00B7C878 /* UIViewController+AlertController.swift in Sources */ = {isa = PBXBuildFile; fileRef = 210B7CE41F1A87CC00B7C878 /* UIViewController+AlertController.swift */; };
		210B7CF21F1A887600B7C878 /* Nimble.framework in Frameworks */ = {isa = PBXBuildFile; fileRef = 210B7CEA1F1A887600B7C878 /* Nimble.framework */; };
		210B7CF31F1A887600B7C878 /* DispatchTimerTests.swift in Sources */ = {isa = PBXBuildFile; fileRef = 210B7CEB1F1A887600B7C878 /* DispatchTimerTests.swift */; };
		210B7CF41F1A887600B7C878 /* EnumerableTests.swift in Sources */ = {isa = PBXBuildFile; fileRef = 210B7CEC1F1A887600B7C878 /* EnumerableTests.swift */; };
		210B7CF51F1A887600B7C878 /* ExtensionsTests.swift in Sources */ = {isa = PBXBuildFile; fileRef = 210B7CED1F1A887600B7C878 /* ExtensionsTests.swift */; };
		210B7CF61F1A887600B7C878 /* OperationQueueTests.swift in Sources */ = {isa = PBXBuildFile; fileRef = 210B7CEE1F1A887600B7C878 /* OperationQueueTests.swift */; };
		210B7CF71F1A887600B7C878 /* OperationTest.swift in Sources */ = {isa = PBXBuildFile; fileRef = 210B7CEF1F1A887600B7C878 /* OperationTest.swift */; };
		210B7CF81F1A887600B7C878 /* StringTests.swift in Sources */ = {isa = PBXBuildFile; fileRef = 210B7CF01F1A887600B7C878 /* StringTests.swift */; };
		210B7CF91F1A887600B7C878 /* WeakSetTests.swift in Sources */ = {isa = PBXBuildFile; fileRef = 210B7CF11F1A887600B7C878 /* WeakSetTests.swift */; };
		210B7CFA1F1A888900B7C878 /* DispatchTimerTests.swift in Sources */ = {isa = PBXBuildFile; fileRef = 210B7CEB1F1A887600B7C878 /* DispatchTimerTests.swift */; };
		210B7CFB1F1A888900B7C878 /* EnumerableTests.swift in Sources */ = {isa = PBXBuildFile; fileRef = 210B7CEC1F1A887600B7C878 /* EnumerableTests.swift */; };
		210B7CFC1F1A888900B7C878 /* ExtensionsTests.swift in Sources */ = {isa = PBXBuildFile; fileRef = 210B7CED1F1A887600B7C878 /* ExtensionsTests.swift */; };
		210B7CFD1F1A888900B7C878 /* OperationQueueTests.swift in Sources */ = {isa = PBXBuildFile; fileRef = 210B7CEE1F1A887600B7C878 /* OperationQueueTests.swift */; };
		210B7CFE1F1A888900B7C878 /* OperationTest.swift in Sources */ = {isa = PBXBuildFile; fileRef = 210B7CEF1F1A887600B7C878 /* OperationTest.swift */; };
		210B7CFF1F1A888900B7C878 /* StringTests.swift in Sources */ = {isa = PBXBuildFile; fileRef = 210B7CF01F1A887600B7C878 /* StringTests.swift */; };
		210B7D001F1A888900B7C878 /* WeakSetTests.swift in Sources */ = {isa = PBXBuildFile; fileRef = 210B7CF11F1A887600B7C878 /* WeakSetTests.swift */; };
		210B7D041F1A890700B7C878 /* Nimble.framework in Frameworks */ = {isa = PBXBuildFile; fileRef = 210B7D011F1A890700B7C878 /* Nimble.framework */; };
		210B7D051F1A890700B7C878 /* ConstraintsTests.swift in Sources */ = {isa = PBXBuildFile; fileRef = 210B7D021F1A890700B7C878 /* ConstraintsTests.swift */; };
		210B7D061F1A890700B7C878 /* UIColorTests.swift in Sources */ = {isa = PBXBuildFile; fileRef = 210B7D031F1A890700B7C878 /* UIColorTests.swift */; };
		210B7D071F1A891500B7C878 /* Nimble.framework in Frameworks */ = {isa = PBXBuildFile; fileRef = 210B7D011F1A890700B7C878 /* Nimble.framework */; };
		210B7D091F1A8A2800B7C878 /* Nimble.framework in CopyFiles */ = {isa = PBXBuildFile; fileRef = 210B7CEA1F1A887600B7C878 /* Nimble.framework */; settings = {ATTRIBUTES = (CodeSignOnCopy, RemoveHeadersOnCopy, ); }; };
		210B7D0B1F1A8A3800B7C878 /* Nimble.framework in CopyFiles */ = {isa = PBXBuildFile; fileRef = 210B7D011F1A890700B7C878 /* Nimble.framework */; settings = {ATTRIBUTES = (CodeSignOnCopy, RemoveHeadersOnCopy, ); }; };
		210B7D0D1F1A8A4C00B7C878 /* Nimble.framework in CopyFiles */ = {isa = PBXBuildFile; fileRef = 210B7D011F1A890700B7C878 /* Nimble.framework */; settings = {ATTRIBUTES = (CodeSignOnCopy, RemoveHeadersOnCopy, ); }; };
		210B7D0E1F1A8C7400B7C878 /* Extensions.framework in Frameworks */ = {isa = PBXBuildFile; fileRef = 210B7C4D1F1A77A500B7C878 /* Extensions.framework */; };
/* End PBXBuildFile section */

/* Begin PBXContainerItemProxy section */
		210B7C3B1F1A74B000B7C878 /* PBXContainerItemProxy */ = {
			isa = PBXContainerItemProxy;
			containerPortal = 6BDD3AE61DDCECC6002B47A7 /* Project object */;
			proxyType = 1;
			remoteGlobalIDString = 210B7C301F1A74AF00B7C878;
			remoteInfo = "Extensions-macOS";
		};
		210B7C571F1A77A600B7C878 /* PBXContainerItemProxy */ = {
			isa = PBXContainerItemProxy;
			containerPortal = 6BDD3AE61DDCECC6002B47A7 /* Project object */;
			proxyType = 1;
			remoteGlobalIDString = 210B7C4C1F1A77A500B7C878;
			remoteInfo = "Extension-iOS";
		};
		210B7CD31F1A875C00B7C878 /* PBXContainerItemProxy */ = {
			isa = PBXContainerItemProxy;
			containerPortal = 6BDD3AE61DDCECC6002B47A7 /* Project object */;
			proxyType = 1;
			remoteGlobalIDString = 210B7CC81F1A875B00B7C878;
			remoteInfo = UIKitExtensions;
		};
/* End PBXContainerItemProxy section */

/* Begin PBXCopyFilesBuildPhase section */
		210B7D081F1A8A1E00B7C878 /* CopyFiles */ = {
			isa = PBXCopyFilesBuildPhase;
			buildActionMask = 2147483647;
			dstPath = "";
			dstSubfolderSpec = 10;
			files = (
				210B7D091F1A8A2800B7C878 /* Nimble.framework in CopyFiles */,
			);
			runOnlyForDeploymentPostprocessing = 0;
		};
		210B7D0A1F1A8A2E00B7C878 /* CopyFiles */ = {
			isa = PBXCopyFilesBuildPhase;
			buildActionMask = 2147483647;
			dstPath = "";
			dstSubfolderSpec = 10;
			files = (
				210B7D0B1F1A8A3800B7C878 /* Nimble.framework in CopyFiles */,
			);
			runOnlyForDeploymentPostprocessing = 0;
		};
		210B7D0C1F1A8A4400B7C878 /* CopyFiles */ = {
			isa = PBXCopyFilesBuildPhase;
			buildActionMask = 2147483647;
			dstPath = "";
			dstSubfolderSpec = 10;
			files = (
				210B7D0D1F1A8A4C00B7C878 /* Nimble.framework in CopyFiles */,
			);
			runOnlyForDeploymentPostprocessing = 0;
		};
/* End PBXCopyFilesBuildPhase section */

/* Begin PBXFileReference section */
		040DBE141F5828D300B38F00 /* UICollectionView.swift */ = {isa = PBXFileReference; lastKnownFileType = sourcecode.swift; path = UICollectionView.swift; sourceTree = "<group>"; };
		041C708A1F5936BA00D7CE5D /* ConfiguredCell.swift */ = {isa = PBXFileReference; lastKnownFileType = sourcecode.swift; path = ConfiguredCell.swift; sourceTree = "<group>"; };
		04CF4D031FFCFB1E0077128E /* UIView+.swift */ = {isa = PBXFileReference; fileEncoding = 4; lastKnownFileType = sourcecode.swift; path = "UIView+.swift"; sourceTree = "<group>"; };
		04CF4D041FFCFB1E0077128E /* UITextView+.swift */ = {isa = PBXFileReference; fileEncoding = 4; lastKnownFileType = sourcecode.swift; path = "UITextView+.swift"; sourceTree = "<group>"; };
		04CF4D051FFCFB1F0077128E /* UIBarButton+.swift */ = {isa = PBXFileReference; fileEncoding = 4; lastKnownFileType = sourcecode.swift; path = "UIBarButton+.swift"; sourceTree = "<group>"; };
		04CF4D061FFCFB1F0077128E /* TapAction.swift */ = {isa = PBXFileReference; fileEncoding = 4; lastKnownFileType = sourcecode.swift; path = TapAction.swift; sourceTree = "<group>"; };
		04CF4D071FFCFB1F0077128E /* CGSize+.swift */ = {isa = PBXFileReference; fileEncoding = 4; lastKnownFileType = sourcecode.swift; path = "CGSize+.swift"; sourceTree = "<group>"; };
		04CF4D0D1FFCFC640077128E /* OptionSet+.swift */ = {isa = PBXFileReference; fileEncoding = 4; lastKnownFileType = sourcecode.swift; path = "OptionSet+.swift"; sourceTree = "<group>"; };
		04CF4D0E1FFCFC640077128E /* DispatchTime+.swift */ = {isa = PBXFileReference; fileEncoding = 4; lastKnownFileType = sourcecode.swift; path = "DispatchTime+.swift"; sourceTree = "<group>"; };
		04CF4D0F1FFCFC640077128E /* String+.swift */ = {isa = PBXFileReference; fileEncoding = 4; lastKnownFileType = sourcecode.swift; path = "String+.swift"; sourceTree = "<group>"; };
		04CF4D101FFCFC640077128E /* FileManager+.swift */ = {isa = PBXFileReference; fileEncoding = 4; lastKnownFileType = sourcecode.swift; path = "FileManager+.swift"; sourceTree = "<group>"; };
		04CF4D191FFCFCD50077128E /* Collection+.swift */ = {isa = PBXFileReference; fileEncoding = 4; lastKnownFileType = sourcecode.swift; path = "Collection+.swift"; sourceTree = "<group>"; };
		210B7C311F1A74AF00B7C878 /* Extensions.framework */ = {isa = PBXFileReference; explicitFileType = wrapper.framework; includeInIndex = 0; path = Extensions.framework; sourceTree = BUILT_PRODUCTS_DIR; };
		210B7C331F1A74B000B7C878 /* Extensions.h */ = {isa = PBXFileReference; lastKnownFileType = sourcecode.c.h; path = Extensions.h; sourceTree = "<group>"; };
		210B7C341F1A74B000B7C878 /* Info.plist */ = {isa = PBXFileReference; lastKnownFileType = text.plist.xml; path = Info.plist; sourceTree = "<group>"; };
		210B7C391F1A74B000B7C878 /* Extensions-macOSTests.xctest */ = {isa = PBXFileReference; explicitFileType = wrapper.cfbundle; includeInIndex = 0; path = "Extensions-macOSTests.xctest"; sourceTree = BUILT_PRODUCTS_DIR; };
		210B7C401F1A74B000B7C878 /* Info.plist */ = {isa = PBXFileReference; lastKnownFileType = text.plist.xml; path = Info.plist; sourceTree = "<group>"; };
		210B7C4D1F1A77A500B7C878 /* Extensions.framework */ = {isa = PBXFileReference; explicitFileType = wrapper.framework; includeInIndex = 0; path = Extensions.framework; sourceTree = BUILT_PRODUCTS_DIR; };
		210B7C4F1F1A77A600B7C878 /* Extension.h */ = {isa = PBXFileReference; lastKnownFileType = sourcecode.c.h; path = Extension.h; sourceTree = "<group>"; };
		210B7C501F1A77A600B7C878 /* Info.plist */ = {isa = PBXFileReference; lastKnownFileType = text.plist.xml; path = Info.plist; sourceTree = "<group>"; };
		210B7C551F1A77A600B7C878 /* Extension-iOSTests.xctest */ = {isa = PBXFileReference; explicitFileType = wrapper.cfbundle; includeInIndex = 0; path = "Extension-iOSTests.xctest"; sourceTree = BUILT_PRODUCTS_DIR; };
		210B7C5C1F1A77A600B7C878 /* Info.plist */ = {isa = PBXFileReference; lastKnownFileType = text.plist.xml; path = Info.plist; sourceTree = "<group>"; };
		210B7C651F1A7A7F00B7C878 /* DispatchTimer.swift */ = {isa = PBXFileReference; fileEncoding = 4; lastKnownFileType = sourcecode.swift; path = DispatchTimer.swift; sourceTree = "<group>"; };
		210B7C661F1A7A7F00B7C878 /* Enumerable.swift */ = {isa = PBXFileReference; fileEncoding = 4; lastKnownFileType = sourcecode.swift; path = Enumerable.swift; sourceTree = "<group>"; };
		210B7C671F1A7A7F00B7C878 /* Extensions.swift */ = {isa = PBXFileReference; fileEncoding = 4; lastKnownFileType = sourcecode.swift; path = Extensions.swift; sourceTree = "<group>"; };
		210B7C681F1A7A7F00B7C878 /* NSTimer+Blocks.h */ = {isa = PBXFileReference; fileEncoding = 4; lastKnownFileType = sourcecode.c.h; path = "NSTimer+Blocks.h"; sourceTree = "<group>"; };
		210B7C691F1A7A7F00B7C878 /* NSTimer+Blocks.m */ = {isa = PBXFileReference; fileEncoding = 4; lastKnownFileType = sourcecode.c.objc; path = "NSTimer+Blocks.m"; sourceTree = "<group>"; };
		210B7C6A1F1A7A7F00B7C878 /* Operation.swift */ = {isa = PBXFileReference; fileEncoding = 4; lastKnownFileType = sourcecode.swift; path = Operation.swift; sourceTree = "<group>"; };
		210B7C6B1F1A7A7F00B7C878 /* SynchronizedArray.swift */ = {isa = PBXFileReference; fileEncoding = 4; lastKnownFileType = sourcecode.swift; path = SynchronizedArray.swift; sourceTree = "<group>"; };
		210B7C6C1F1A7A7F00B7C878 /* WeakObjectSet.swift */ = {isa = PBXFileReference; fileEncoding = 4; lastKnownFileType = sourcecode.swift; path = WeakObjectSet.swift; sourceTree = "<group>"; };
		210B7CC91F1A875B00B7C878 /* UIKitExtensions.framework */ = {isa = PBXFileReference; explicitFileType = wrapper.framework; includeInIndex = 0; path = UIKitExtensions.framework; sourceTree = BUILT_PRODUCTS_DIR; };
		210B7CCB1F1A875B00B7C878 /* UIKitExtensions.h */ = {isa = PBXFileReference; lastKnownFileType = sourcecode.c.h; path = UIKitExtensions.h; sourceTree = "<group>"; };
		210B7CCC1F1A875B00B7C878 /* Info.plist */ = {isa = PBXFileReference; lastKnownFileType = text.plist.xml; path = Info.plist; sourceTree = "<group>"; };
		210B7CD11F1A875B00B7C878 /* UIKitExtensionsTests.xctest */ = {isa = PBXFileReference; explicitFileType = wrapper.cfbundle; includeInIndex = 0; path = UIKitExtensionsTests.xctest; sourceTree = BUILT_PRODUCTS_DIR; };
		210B7CD81F1A875C00B7C878 /* Info.plist */ = {isa = PBXFileReference; lastKnownFileType = text.plist.xml; path = Info.plist; sourceTree = "<group>"; };
		210B7CE01F1A87CC00B7C878 /* CGFloatConvertible.swift */ = {isa = PBXFileReference; fileEncoding = 4; lastKnownFileType = sourcecode.swift; path = CGFloatConvertible.swift; sourceTree = "<group>"; };
		210B7CE11F1A87CC00B7C878 /* Constraints.swift */ = {isa = PBXFileReference; fileEncoding = 4; lastKnownFileType = sourcecode.swift; path = Constraints.swift; sourceTree = "<group>"; };
		210B7CE21F1A87CC00B7C878 /* Misc.swift */ = {isa = PBXFileReference; fileEncoding = 4; lastKnownFileType = sourcecode.swift; path = Misc.swift; sourceTree = "<group>"; };
		210B7CE31F1A87CC00B7C878 /* UIColor.swift */ = {isa = PBXFileReference; fileEncoding = 4; lastKnownFileType = sourcecode.swift; path = UIColor.swift; sourceTree = "<group>"; };
		210B7CE41F1A87CC00B7C878 /* UIViewController+AlertController.swift */ = {isa = PBXFileReference; fileEncoding = 4; lastKnownFileType = sourcecode.swift; path = "UIViewController+AlertController.swift"; sourceTree = "<group>"; };
		210B7CEA1F1A887600B7C878 /* Nimble.framework */ = {isa = PBXFileReference; lastKnownFileType = wrapper.framework; path = Nimble.framework; sourceTree = "<group>"; };
		210B7CEB1F1A887600B7C878 /* DispatchTimerTests.swift */ = {isa = PBXFileReference; fileEncoding = 4; lastKnownFileType = sourcecode.swift; path = DispatchTimerTests.swift; sourceTree = "<group>"; };
		210B7CEC1F1A887600B7C878 /* EnumerableTests.swift */ = {isa = PBXFileReference; fileEncoding = 4; lastKnownFileType = sourcecode.swift; path = EnumerableTests.swift; sourceTree = "<group>"; };
		210B7CED1F1A887600B7C878 /* ExtensionsTests.swift */ = {isa = PBXFileReference; fileEncoding = 4; lastKnownFileType = sourcecode.swift; path = ExtensionsTests.swift; sourceTree = "<group>"; };
		210B7CEE1F1A887600B7C878 /* OperationQueueTests.swift */ = {isa = PBXFileReference; fileEncoding = 4; lastKnownFileType = sourcecode.swift; path = OperationQueueTests.swift; sourceTree = "<group>"; };
		210B7CEF1F1A887600B7C878 /* OperationTest.swift */ = {isa = PBXFileReference; fileEncoding = 4; lastKnownFileType = sourcecode.swift; path = OperationTest.swift; sourceTree = "<group>"; };
		210B7CF01F1A887600B7C878 /* StringTests.swift */ = {isa = PBXFileReference; fileEncoding = 4; lastKnownFileType = sourcecode.swift; path = StringTests.swift; sourceTree = "<group>"; };
		210B7CF11F1A887600B7C878 /* WeakSetTests.swift */ = {isa = PBXFileReference; fileEncoding = 4; lastKnownFileType = sourcecode.swift; path = WeakSetTests.swift; sourceTree = "<group>"; };
		210B7D011F1A890700B7C878 /* Nimble.framework */ = {isa = PBXFileReference; lastKnownFileType = wrapper.framework; path = Nimble.framework; sourceTree = "<group>"; };
		210B7D021F1A890700B7C878 /* ConstraintsTests.swift */ = {isa = PBXFileReference; fileEncoding = 4; lastKnownFileType = sourcecode.swift; path = ConstraintsTests.swift; sourceTree = "<group>"; };
		210B7D031F1A890700B7C878 /* UIColorTests.swift */ = {isa = PBXFileReference; fileEncoding = 4; lastKnownFileType = sourcecode.swift; path = UIColorTests.swift; sourceTree = "<group>"; };
/* End PBXFileReference section */

/* Begin PBXFrameworksBuildPhase section */
		210B7C2D1F1A74AF00B7C878 /* Frameworks */ = {
			isa = PBXFrameworksBuildPhase;
			buildActionMask = 2147483647;
			files = (
			);
			runOnlyForDeploymentPostprocessing = 0;
		};
		210B7C361F1A74B000B7C878 /* Frameworks */ = {
			isa = PBXFrameworksBuildPhase;
			buildActionMask = 2147483647;
			files = (
				210B7C3A1F1A74B000B7C878 /* Extensions.framework in Frameworks */,
				210B7CF21F1A887600B7C878 /* Nimble.framework in Frameworks */,
			);
			runOnlyForDeploymentPostprocessing = 0;
		};
		210B7C491F1A77A500B7C878 /* Frameworks */ = {
			isa = PBXFrameworksBuildPhase;
			buildActionMask = 2147483647;
			files = (
			);
			runOnlyForDeploymentPostprocessing = 0;
		};
		210B7C521F1A77A600B7C878 /* Frameworks */ = {
			isa = PBXFrameworksBuildPhase;
			buildActionMask = 2147483647;
			files = (
				210B7C561F1A77A600B7C878 /* Extensions.framework in Frameworks */,
				210B7D071F1A891500B7C878 /* Nimble.framework in Frameworks */,
			);
			runOnlyForDeploymentPostprocessing = 0;
		};
		210B7CC51F1A875B00B7C878 /* Frameworks */ = {
			isa = PBXFrameworksBuildPhase;
			buildActionMask = 2147483647;
			files = (
				210B7D0E1F1A8C7400B7C878 /* Extensions.framework in Frameworks */,
			);
			runOnlyForDeploymentPostprocessing = 0;
		};
		210B7CCE1F1A875B00B7C878 /* Frameworks */ = {
			isa = PBXFrameworksBuildPhase;
			buildActionMask = 2147483647;
			files = (
				210B7CD21F1A875C00B7C878 /* UIKitExtensions.framework in Frameworks */,
				210B7D041F1A890700B7C878 /* Nimble.framework in Frameworks */,
			);
			runOnlyForDeploymentPostprocessing = 0;
		};
/* End PBXFrameworksBuildPhase section */

/* Begin PBXGroup section */
		210B7C321F1A74B000B7C878 /* Extensions-macOS */ = {
			isa = PBXGroup;
			children = (
				04CF4D191FFCFCD50077128E /* Collection+.swift */,
				04CF4D0E1FFCFC640077128E /* DispatchTime+.swift */,
				210B7C651F1A7A7F00B7C878 /* DispatchTimer.swift */,
				210B7C661F1A7A7F00B7C878 /* Enumerable.swift */,
				210B7C331F1A74B000B7C878 /* Extensions.h */,
				210B7C671F1A7A7F00B7C878 /* Extensions.swift */,
				04CF4D101FFCFC640077128E /* FileManager+.swift */,
				210B7C681F1A7A7F00B7C878 /* NSTimer+Blocks.h */,
				210B7C691F1A7A7F00B7C878 /* NSTimer+Blocks.m */,
				210B7C6A1F1A7A7F00B7C878 /* Operation.swift */,
				04CF4D0D1FFCFC640077128E /* OptionSet+.swift */,
				04CF4D0F1FFCFC640077128E /* String+.swift */,
				210B7C6B1F1A7A7F00B7C878 /* SynchronizedArray.swift */,
				210B7C6C1F1A7A7F00B7C878 /* WeakObjectSet.swift */,
				210B7C341F1A74B000B7C878 /* Info.plist */,
			);
			path = "Extensions-macOS";
			sourceTree = "<group>";
		};
		210B7C3D1F1A74B000B7C878 /* Extensions-macOSTests */ = {
			isa = PBXGroup;
			children = (
				210B7CEA1F1A887600B7C878 /* Nimble.framework */,
				210B7CEB1F1A887600B7C878 /* DispatchTimerTests.swift */,
				210B7CEC1F1A887600B7C878 /* EnumerableTests.swift */,
				210B7CED1F1A887600B7C878 /* ExtensionsTests.swift */,
				210B7CEE1F1A887600B7C878 /* OperationQueueTests.swift */,
				210B7CEF1F1A887600B7C878 /* OperationTest.swift */,
				210B7CF01F1A887600B7C878 /* StringTests.swift */,
				210B7CF11F1A887600B7C878 /* WeakSetTests.swift */,
				210B7C401F1A74B000B7C878 /* Info.plist */,
			);
			path = "Extensions-macOSTests";
			sourceTree = "<group>";
		};
		210B7C4E1F1A77A600B7C878 /* Extension-iOS */ = {
			isa = PBXGroup;
			children = (
				210B7C4F1F1A77A600B7C878 /* Extension.h */,
				210B7C501F1A77A600B7C878 /* Info.plist */,
			);
			path = "Extension-iOS";
			sourceTree = "<group>";
		};
		210B7C591F1A77A600B7C878 /* Extension-iOSTests */ = {
			isa = PBXGroup;
			children = (
				210B7C5C1F1A77A600B7C878 /* Info.plist */,
			);
			path = "Extension-iOSTests";
			sourceTree = "<group>";
		};
		210B7CCA1F1A875B00B7C878 /* UIKitExtensions */ = {
			isa = PBXGroup;
			children = (
				210B7CE01F1A87CC00B7C878 /* CGFloatConvertible.swift */,
				04CF4D071FFCFB1F0077128E /* CGSize+.swift */,
				041C708A1F5936BA00D7CE5D /* ConfiguredCell.swift */,
				210B7CE11F1A87CC00B7C878 /* Constraints.swift */,
				210B7CE21F1A87CC00B7C878 /* Misc.swift */,
				04CF4D061FFCFB1F0077128E /* TapAction.swift */,
				04CF4D051FFCFB1F0077128E /* UIBarButton+.swift */,
				040DBE141F5828D300B38F00 /* UICollectionView.swift */,
				210B7CE31F1A87CC00B7C878 /* UIColor.swift */,
				210B7CCB1F1A875B00B7C878 /* UIKitExtensions.h */,
				04CF4D041FFCFB1E0077128E /* UITextView+.swift */,
				04CF4D031FFCFB1E0077128E /* UIView+.swift */,
				210B7CE41F1A87CC00B7C878 /* UIViewController+AlertController.swift */,
				210B7CCC1F1A875B00B7C878 /* Info.plist */,
			);
			path = UIKitExtensions;
			sourceTree = "<group>";
		};
		210B7CD51F1A875C00B7C878 /* UIKitExtensionsTests */ = {
			isa = PBXGroup;
			children = (
				210B7D011F1A890700B7C878 /* Nimble.framework */,
				210B7D021F1A890700B7C878 /* ConstraintsTests.swift */,
				210B7D031F1A890700B7C878 /* UIColorTests.swift */,
				210B7CD81F1A875C00B7C878 /* Info.plist */,
			);
			path = UIKitExtensionsTests;
			sourceTree = "<group>";
		};
		6BDD3AE51DDCECC6002B47A7 = {
			isa = PBXGroup;
			children = (
				210B7C321F1A74B000B7C878 /* Extensions-macOS */,
				210B7C4E1F1A77A600B7C878 /* Extension-iOS */,
				210B7CCA1F1A875B00B7C878 /* UIKitExtensions */,
				210B7C3D1F1A74B000B7C878 /* Extensions-macOSTests */,
				210B7C591F1A77A600B7C878 /* Extension-iOSTests */,
				210B7CD51F1A875C00B7C878 /* UIKitExtensionsTests */,
				6BDD3AF01DDCECC6002B47A7 /* Products */,
			);
			sourceTree = "<group>";
		};
		6BDD3AF01DDCECC6002B47A7 /* Products */ = {
			isa = PBXGroup;
			children = (
				210B7C311F1A74AF00B7C878 /* Extensions.framework */,
				210B7C391F1A74B000B7C878 /* Extensions-macOSTests.xctest */,
				210B7C4D1F1A77A500B7C878 /* Extensions.framework */,
				210B7C551F1A77A600B7C878 /* Extension-iOSTests.xctest */,
				210B7CC91F1A875B00B7C878 /* UIKitExtensions.framework */,
				210B7CD11F1A875B00B7C878 /* UIKitExtensionsTests.xctest */,
			);
			name = Products;
			sourceTree = "<group>";
		};
/* End PBXGroup section */

/* Begin PBXHeadersBuildPhase section */
		210B7C2E1F1A74AF00B7C878 /* Headers */ = {
			isa = PBXHeadersBuildPhase;
			buildActionMask = 2147483647;
			files = (
				210B7C411F1A74B000B7C878 /* Extensions.h in Headers */,
				210B7C711F1A7A7F00B7C878 /* NSTimer+Blocks.h in Headers */,
			);
			runOnlyForDeploymentPostprocessing = 0;
		};
		210B7C4A1F1A77A500B7C878 /* Headers */ = {
			isa = PBXHeadersBuildPhase;
			buildActionMask = 2147483647;
			files = (
				210B7C5D1F1A77A600B7C878 /* Extension.h in Headers */,
				210B7CC31F1A864800B7C878 /* NSTimer+Blocks.h in Headers */,
			);
			runOnlyForDeploymentPostprocessing = 0;
		};
		210B7CC61F1A875B00B7C878 /* Headers */ = {
			isa = PBXHeadersBuildPhase;
			buildActionMask = 2147483647;
			files = (
				210B7CD91F1A875C00B7C878 /* UIKitExtensions.h in Headers */,
			);
			runOnlyForDeploymentPostprocessing = 0;
		};
/* End PBXHeadersBuildPhase section */

/* Begin PBXNativeTarget section */
		210B7C301F1A74AF00B7C878 /* Extensions-macOS */ = {
			isa = PBXNativeTarget;
			buildConfigurationList = 210B7C421F1A74B000B7C878 /* Build configuration list for PBXNativeTarget "Extensions-macOS" */;
			buildPhases = (
				210B7C2C1F1A74AF00B7C878 /* Sources */,
				210B7C2D1F1A74AF00B7C878 /* Frameworks */,
				210B7C2E1F1A74AF00B7C878 /* Headers */,
				210B7C2F1F1A74AF00B7C878 /* Resources */,
			);
			buildRules = (
			);
			dependencies = (
			);
			name = "Extensions-macOS";
			productName = "Extensions-macOS";
			productReference = 210B7C311F1A74AF00B7C878 /* Extensions.framework */;
			productType = "com.apple.product-type.framework";
		};
		210B7C381F1A74B000B7C878 /* Extensions-macOSTests */ = {
			isa = PBXNativeTarget;
			buildConfigurationList = 210B7C451F1A74B000B7C878 /* Build configuration list for PBXNativeTarget "Extensions-macOSTests" */;
			buildPhases = (
				210B7C351F1A74B000B7C878 /* Sources */,
				210B7C361F1A74B000B7C878 /* Frameworks */,
				210B7C371F1A74B000B7C878 /* Resources */,
				210B7D081F1A8A1E00B7C878 /* CopyFiles */,
			);
			buildRules = (
			);
			dependencies = (
				210B7C3C1F1A74B000B7C878 /* PBXTargetDependency */,
			);
			name = "Extensions-macOSTests";
			productName = "Extensions-macOSTests";
			productReference = 210B7C391F1A74B000B7C878 /* Extensions-macOSTests.xctest */;
			productType = "com.apple.product-type.bundle.unit-test";
		};
		210B7C4C1F1A77A500B7C878 /* Extension-iOS */ = {
			isa = PBXNativeTarget;
			buildConfigurationList = 210B7C5E1F1A77A600B7C878 /* Build configuration list for PBXNativeTarget "Extension-iOS" */;
			buildPhases = (
				210B7C481F1A77A500B7C878 /* Sources */,
				210B7C491F1A77A500B7C878 /* Frameworks */,
				210B7C4A1F1A77A500B7C878 /* Headers */,
				210B7C4B1F1A77A500B7C878 /* Resources */,
			);
			buildRules = (
			);
			dependencies = (
			);
			name = "Extension-iOS";
			productName = "Extension-iOS";
			productReference = 210B7C4D1F1A77A500B7C878 /* Extensions.framework */;
			productType = "com.apple.product-type.framework";
		};
		210B7C541F1A77A600B7C878 /* Extension-iOSTests */ = {
			isa = PBXNativeTarget;
			buildConfigurationList = 210B7C611F1A77A600B7C878 /* Build configuration list for PBXNativeTarget "Extension-iOSTests" */;
			buildPhases = (
				210B7C511F1A77A600B7C878 /* Sources */,
				210B7C521F1A77A600B7C878 /* Frameworks */,
				210B7C531F1A77A600B7C878 /* Resources */,
				210B7D0A1F1A8A2E00B7C878 /* CopyFiles */,
			);
			buildRules = (
			);
			dependencies = (
				210B7C581F1A77A600B7C878 /* PBXTargetDependency */,
			);
			name = "Extension-iOSTests";
			productName = "Extension-iOSTests";
			productReference = 210B7C551F1A77A600B7C878 /* Extension-iOSTests.xctest */;
			productType = "com.apple.product-type.bundle.unit-test";
		};
		210B7CC81F1A875B00B7C878 /* UIKitExtensions */ = {
			isa = PBXNativeTarget;
			buildConfigurationList = 210B7CDE1F1A875C00B7C878 /* Build configuration list for PBXNativeTarget "UIKitExtensions" */;
			buildPhases = (
				210B7CC41F1A875B00B7C878 /* Sources */,
				210B7CC51F1A875B00B7C878 /* Frameworks */,
				210B7CC61F1A875B00B7C878 /* Headers */,
				210B7CC71F1A875B00B7C878 /* Resources */,
			);
			buildRules = (
			);
			dependencies = (
			);
			name = UIKitExtensions;
			productName = UIKitExtensions;
			productReference = 210B7CC91F1A875B00B7C878 /* UIKitExtensions.framework */;
			productType = "com.apple.product-type.framework";
		};
		210B7CD01F1A875B00B7C878 /* UIKitExtensionsTests */ = {
			isa = PBXNativeTarget;
			buildConfigurationList = 210B7CDF1F1A875C00B7C878 /* Build configuration list for PBXNativeTarget "UIKitExtensionsTests" */;
			buildPhases = (
				210B7CCD1F1A875B00B7C878 /* Sources */,
				210B7CCE1F1A875B00B7C878 /* Frameworks */,
				210B7CCF1F1A875B00B7C878 /* Resources */,
				210B7D0C1F1A8A4400B7C878 /* CopyFiles */,
			);
			buildRules = (
			);
			dependencies = (
				210B7CD41F1A875C00B7C878 /* PBXTargetDependency */,
			);
			name = UIKitExtensionsTests;
			productName = UIKitExtensionsTests;
			productReference = 210B7CD11F1A875B00B7C878 /* UIKitExtensionsTests.xctest */;
			productType = "com.apple.product-type.bundle.unit-test";
		};
/* End PBXNativeTarget section */

/* Begin PBXProject section */
		6BDD3AE61DDCECC6002B47A7 /* Project object */ = {
			isa = PBXProject;
			attributes = {
				LastSwiftUpdateCheck = 0830;
				LastUpgradeCheck = 0900;
				ORGANIZATIONNAME = arkdan;
				TargetAttributes = {
					210B7C301F1A74AF00B7C878 = {
						CreatedOnToolsVersion = 8.3.3;
						LastSwiftMigration = 0900;
						ProvisioningStyle = Automatic;
					};
					210B7C381F1A74B000B7C878 = {
						CreatedOnToolsVersion = 8.3.3;
						LastSwiftMigration = 0900;
						ProvisioningStyle = Automatic;
					};
					210B7C4C1F1A77A500B7C878 = {
						CreatedOnToolsVersion = 8.3.3;
						LastSwiftMigration = 0900;
						ProvisioningStyle = Automatic;
					};
					210B7C541F1A77A600B7C878 = {
						CreatedOnToolsVersion = 8.3.3;
						ProvisioningStyle = Automatic;
					};
					210B7CC81F1A875B00B7C878 = {
						CreatedOnToolsVersion = 8.3.3;
						LastSwiftMigration = 0900;
						ProvisioningStyle = Automatic;
					};
					210B7CD01F1A875B00B7C878 = {
						CreatedOnToolsVersion = 8.3.3;
						LastSwiftMigration = 0900;
						ProvisioningStyle = Automatic;
					};
				};
			};
			buildConfigurationList = 6BDD3AE91DDCECC6002B47A7 /* Build configuration list for PBXProject "ARKExtensions" */;
			compatibilityVersion = "Xcode 3.2";
			developmentRegion = English;
			hasScannedForEncodings = 0;
			knownRegions = (
				en,
			);
			mainGroup = 6BDD3AE51DDCECC6002B47A7;
			productRefGroup = 6BDD3AF01DDCECC6002B47A7 /* Products */;
			projectDirPath = "";
			projectRoot = "";
			targets = (
				210B7C301F1A74AF00B7C878 /* Extensions-macOS */,
				210B7C381F1A74B000B7C878 /* Extensions-macOSTests */,
				210B7C4C1F1A77A500B7C878 /* Extension-iOS */,
				210B7C541F1A77A600B7C878 /* Extension-iOSTests */,
				210B7CC81F1A875B00B7C878 /* UIKitExtensions */,
				210B7CD01F1A875B00B7C878 /* UIKitExtensionsTests */,
			);
		};
/* End PBXProject section */

/* Begin PBXResourcesBuildPhase section */
		210B7C2F1F1A74AF00B7C878 /* Resources */ = {
			isa = PBXResourcesBuildPhase;
			buildActionMask = 2147483647;
			files = (
			);
			runOnlyForDeploymentPostprocessing = 0;
		};
		210B7C371F1A74B000B7C878 /* Resources */ = {
			isa = PBXResourcesBuildPhase;
			buildActionMask = 2147483647;
			files = (
			);
			runOnlyForDeploymentPostprocessing = 0;
		};
		210B7C4B1F1A77A500B7C878 /* Resources */ = {
			isa = PBXResourcesBuildPhase;
			buildActionMask = 2147483647;
			files = (
			);
			runOnlyForDeploymentPostprocessing = 0;
		};
		210B7C531F1A77A600B7C878 /* Resources */ = {
			isa = PBXResourcesBuildPhase;
			buildActionMask = 2147483647;
			files = (
			);
			runOnlyForDeploymentPostprocessing = 0;
		};
		210B7CC71F1A875B00B7C878 /* Resources */ = {
			isa = PBXResourcesBuildPhase;
			buildActionMask = 2147483647;
			files = (
			);
			runOnlyForDeploymentPostprocessing = 0;
		};
		210B7CCF1F1A875B00B7C878 /* Resources */ = {
			isa = PBXResourcesBuildPhase;
			buildActionMask = 2147483647;
			files = (
			);
			runOnlyForDeploymentPostprocessing = 0;
		};
/* End PBXResourcesBuildPhase section */

/* Begin PBXSourcesBuildPhase section */
		210B7C2C1F1A74AF00B7C878 /* Sources */ = {
			isa = PBXSourcesBuildPhase;
			buildActionMask = 2147483647;
			files = (
				210B7C6F1F1A7A7F00B7C878 /* Enumerable.swift in Sources */,
				210B7C751F1A7A7F00B7C878 /* WeakObjectSet.swift in Sources */,
				04CF4D171FFCFC640077128E /* FileManager+.swift in Sources */,
				04CF4D151FFCFC640077128E /* String+.swift in Sources */,
				210B7C741F1A7A7F00B7C878 /* SynchronizedArray.swift in Sources */,
				04CF4D111FFCFC640077128E /* OptionSet+.swift in Sources */,
				04CF4D131FFCFC640077128E /* DispatchTime+.swift in Sources */,
				210B7C6E1F1A7A7F00B7C878 /* DispatchTimer.swift in Sources */,
				210B7C721F1A7A7F00B7C878 /* NSTimer+Blocks.m in Sources */,
				210B7C701F1A7A7F00B7C878 /* Extensions.swift in Sources */,
				210B7C731F1A7A7F00B7C878 /* Operation.swift in Sources */,
				04CF4D1A1FFCFCD50077128E /* Collection+.swift in Sources */,
			);
			runOnlyForDeploymentPostprocessing = 0;
		};
		210B7C351F1A74B000B7C878 /* Sources */ = {
			isa = PBXSourcesBuildPhase;
			buildActionMask = 2147483647;
			files = (
				210B7CF41F1A887600B7C878 /* EnumerableTests.swift in Sources */,
				210B7CF31F1A887600B7C878 /* DispatchTimerTests.swift in Sources */,
				210B7CF81F1A887600B7C878 /* StringTests.swift in Sources */,
				210B7CF91F1A887600B7C878 /* WeakSetTests.swift in Sources */,
				210B7CF51F1A887600B7C878 /* ExtensionsTests.swift in Sources */,
				210B7CF61F1A887600B7C878 /* OperationQueueTests.swift in Sources */,
				210B7CF71F1A887600B7C878 /* OperationTest.swift in Sources */,
			);
			runOnlyForDeploymentPostprocessing = 0;
		};
		210B7C481F1A77A500B7C878 /* Sources */ = {
			isa = PBXSourcesBuildPhase;
			buildActionMask = 2147483647;
			files = (
				210B7CBC1F1A863200B7C878 /* DispatchTimer.swift in Sources */,
				210B7CC11F1A863200B7C878 /* SynchronizedArray.swift in Sources */,
				04CF4D181FFCFC640077128E /* FileManager+.swift in Sources */,
				04CF4D161FFCFC640077128E /* String+.swift in Sources */,
				210B7CBE1F1A863200B7C878 /* Extensions.swift in Sources */,
				04CF4D121FFCFC640077128E /* OptionSet+.swift in Sources */,
				04CF4D141FFCFC640077128E /* DispatchTime+.swift in Sources */,
				210B7CBF1F1A863200B7C878 /* NSTimer+Blocks.m in Sources */,
				210B7CC01F1A863200B7C878 /* Operation.swift in Sources */,
				210B7CBD1F1A863200B7C878 /* Enumerable.swift in Sources */,
				210B7CC21F1A863200B7C878 /* WeakObjectSet.swift in Sources */,
				04CF4D1B1FFCFCD50077128E /* Collection+.swift in Sources */,
			);
			runOnlyForDeploymentPostprocessing = 0;
		};
		210B7C511F1A77A600B7C878 /* Sources */ = {
			isa = PBXSourcesBuildPhase;
			buildActionMask = 2147483647;
			files = (
				210B7CFB1F1A888900B7C878 /* EnumerableTests.swift in Sources */,
				210B7CFA1F1A888900B7C878 /* DispatchTimerTests.swift in Sources */,
				210B7CFF1F1A888900B7C878 /* StringTests.swift in Sources */,
				210B7D001F1A888900B7C878 /* WeakSetTests.swift in Sources */,
				210B7CFC1F1A888900B7C878 /* ExtensionsTests.swift in Sources */,
				210B7CFD1F1A888900B7C878 /* OperationQueueTests.swift in Sources */,
				210B7CFE1F1A888900B7C878 /* OperationTest.swift in Sources */,
			);
			runOnlyForDeploymentPostprocessing = 0;
		};
		210B7CC41F1A875B00B7C878 /* Sources */ = {
			isa = PBXSourcesBuildPhase;
			buildActionMask = 2147483647;
			files = (
				04CF4D0C1FFCFB1F0077128E /* CGSize+.swift in Sources */,
				040DBE151F5828D300B38F00 /* UICollectionView.swift in Sources */,
				210B7CE71F1A87CC00B7C878 /* Misc.swift in Sources */,
				041C708B1F5936BA00D7CE5D /* ConfiguredCell.swift in Sources */,
				04CF4D0A1FFCFB1F0077128E /* UIBarButton+.swift in Sources */,
				210B7CE91F1A87CC00B7C878 /* UIViewController+AlertController.swift in Sources */,
				04CF4D091FFCFB1F0077128E /* UITextView+.swift in Sources */,
				04CF4D0B1FFCFB1F0077128E /* TapAction.swift in Sources */,
				04CF4D081FFCFB1F0077128E /* UIView+.swift in Sources */,
				210B7CE81F1A87CC00B7C878 /* UIColor.swift in Sources */,
				210B7CE61F1A87CC00B7C878 /* Constraints.swift in Sources */,
				210B7CE51F1A87CC00B7C878 /* CGFloatConvertible.swift in Sources */,
			);
			runOnlyForDeploymentPostprocessing = 0;
		};
		210B7CCD1F1A875B00B7C878 /* Sources */ = {
			isa = PBXSourcesBuildPhase;
			buildActionMask = 2147483647;
			files = (
				210B7D051F1A890700B7C878 /* ConstraintsTests.swift in Sources */,
				210B7D061F1A890700B7C878 /* UIColorTests.swift in Sources */,
			);
			runOnlyForDeploymentPostprocessing = 0;
		};
/* End PBXSourcesBuildPhase section */

/* Begin PBXTargetDependency section */
		210B7C3C1F1A74B000B7C878 /* PBXTargetDependency */ = {
			isa = PBXTargetDependency;
			target = 210B7C301F1A74AF00B7C878 /* Extensions-macOS */;
			targetProxy = 210B7C3B1F1A74B000B7C878 /* PBXContainerItemProxy */;
		};
		210B7C581F1A77A600B7C878 /* PBXTargetDependency */ = {
			isa = PBXTargetDependency;
			target = 210B7C4C1F1A77A500B7C878 /* Extension-iOS */;
			targetProxy = 210B7C571F1A77A600B7C878 /* PBXContainerItemProxy */;
		};
		210B7CD41F1A875C00B7C878 /* PBXTargetDependency */ = {
			isa = PBXTargetDependency;
			target = 210B7CC81F1A875B00B7C878 /* UIKitExtensions */;
			targetProxy = 210B7CD31F1A875C00B7C878 /* PBXContainerItemProxy */;
		};
/* End PBXTargetDependency section */

/* Begin XCBuildConfiguration section */
		210B7C431F1A74B000B7C878 /* Debug */ = {
			isa = XCBuildConfiguration;
			buildSettings = {
				CLANG_ANALYZER_NUMBER_OBJECT_CONVERSION = YES_AGGRESSIVE;
				CLANG_ENABLE_MODULES = YES;
				CLANG_WARN_SUSPICIOUS_MOVE = YES;
				CODE_SIGN_IDENTITY = "";
				COMBINE_HIDPI_IMAGES = YES;
				DEFINES_MODULE = YES;
				DYLIB_COMPATIBILITY_VERSION = 1;
				DYLIB_CURRENT_VERSION = 1;
				DYLIB_INSTALL_NAME_BASE = "@rpath";
				FRAMEWORK_VERSION = A;
				INFOPLIST_FILE = "Extensions-macOS/Info.plist";
				INSTALL_PATH = "$(LOCAL_LIBRARY_DIR)/Frameworks";
				LD_RUNPATH_SEARCH_PATHS = "$(inherited) @executable_path/../Frameworks @loader_path/Frameworks";
				MACOSX_DEPLOYMENT_TARGET = 10.12;
				PRODUCT_BUNDLE_IDENTIFIER = "com.arkdan.Extensions-macOS";
				PRODUCT_NAME = Extensions;
				SKIP_INSTALL = YES;
				SWIFT_OPTIMIZATION_LEVEL = "-Onone";
				SWIFT_VERSION = 4.0;
			};
			name = Debug;
		};
		210B7C441F1A74B000B7C878 /* Release */ = {
			isa = XCBuildConfiguration;
			buildSettings = {
				CLANG_ANALYZER_NUMBER_OBJECT_CONVERSION = YES_AGGRESSIVE;
				CLANG_ENABLE_MODULES = YES;
				CLANG_WARN_SUSPICIOUS_MOVE = YES;
				CODE_SIGN_IDENTITY = "";
				COMBINE_HIDPI_IMAGES = YES;
				DEFINES_MODULE = YES;
				DYLIB_COMPATIBILITY_VERSION = 1;
				DYLIB_CURRENT_VERSION = 1;
				DYLIB_INSTALL_NAME_BASE = "@rpath";
				FRAMEWORK_VERSION = A;
				INFOPLIST_FILE = "Extensions-macOS/Info.plist";
				INSTALL_PATH = "$(LOCAL_LIBRARY_DIR)/Frameworks";
				LD_RUNPATH_SEARCH_PATHS = "$(inherited) @executable_path/../Frameworks @loader_path/Frameworks";
				MACOSX_DEPLOYMENT_TARGET = 10.12;
				PRODUCT_BUNDLE_IDENTIFIER = "com.arkdan.Extensions-macOS";
				PRODUCT_NAME = Extensions;
				SKIP_INSTALL = YES;
				SWIFT_VERSION = 4.0;
			};
			name = Release;
		};
		210B7C461F1A74B000B7C878 /* Debug */ = {
			isa = XCBuildConfiguration;
			buildSettings = {
				ALWAYS_EMBED_SWIFT_STANDARD_LIBRARIES = YES;
				CLANG_ANALYZER_NUMBER_OBJECT_CONVERSION = YES_AGGRESSIVE;
				CLANG_WARN_SUSPICIOUS_MOVE = YES;
				COMBINE_HIDPI_IMAGES = YES;
				FRAMEWORK_SEARCH_PATHS = (
					"$(inherited)",
					"$(PROJECT_DIR)/Extensions-macOSTests",
				);
				INFOPLIST_FILE = "Extensions-macOSTests/Info.plist";
				LD_RUNPATH_SEARCH_PATHS = "$(inherited) @executable_path/../Frameworks @loader_path/../Frameworks";
				MACOSX_DEPLOYMENT_TARGET = 10.12;
				PRODUCT_BUNDLE_IDENTIFIER = "com.arkdan.Extensions-macOSTests";
				PRODUCT_NAME = "$(TARGET_NAME)";
				SWIFT_VERSION = 4.0;
			};
			name = Debug;
		};
		210B7C471F1A74B000B7C878 /* Release */ = {
			isa = XCBuildConfiguration;
			buildSettings = {
				ALWAYS_EMBED_SWIFT_STANDARD_LIBRARIES = YES;
				CLANG_ANALYZER_NUMBER_OBJECT_CONVERSION = YES_AGGRESSIVE;
				CLANG_WARN_SUSPICIOUS_MOVE = YES;
				COMBINE_HIDPI_IMAGES = YES;
				FRAMEWORK_SEARCH_PATHS = (
					"$(inherited)",
					"$(PROJECT_DIR)/Extensions-macOSTests",
				);
				INFOPLIST_FILE = "Extensions-macOSTests/Info.plist";
				LD_RUNPATH_SEARCH_PATHS = "$(inherited) @executable_path/../Frameworks @loader_path/../Frameworks";
				MACOSX_DEPLOYMENT_TARGET = 10.12;
				PRODUCT_BUNDLE_IDENTIFIER = "com.arkdan.Extensions-macOSTests";
				PRODUCT_NAME = "$(TARGET_NAME)";
				SWIFT_VERSION = 4.0;
			};
			name = Release;
		};
		210B7C5F1F1A77A600B7C878 /* Debug */ = {
			isa = XCBuildConfiguration;
			buildSettings = {
				CLANG_ANALYZER_NUMBER_OBJECT_CONVERSION = YES_AGGRESSIVE;
				CLANG_WARN_SUSPICIOUS_MOVE = YES;
				CODE_SIGN_IDENTITY = "";
				"CODE_SIGN_IDENTITY[sdk=iphoneos*]" = "";
				DEFINES_MODULE = YES;
				DYLIB_COMPATIBILITY_VERSION = 1;
				DYLIB_CURRENT_VERSION = 1;
				DYLIB_INSTALL_NAME_BASE = "@rpath";
				INFOPLIST_FILE = "Extension-iOS/Info.plist";
				INSTALL_PATH = "$(LOCAL_LIBRARY_DIR)/Frameworks";
				IPHONEOS_DEPLOYMENT_TARGET = 8.0;
				LD_RUNPATH_SEARCH_PATHS = "$(inherited) @executable_path/Frameworks @loader_path/Frameworks";
				PRODUCT_BUNDLE_IDENTIFIER = "com.arkdan.Extension-iOS";
				PRODUCT_NAME = Extensions;
				SDKROOT = iphoneos;
				SKIP_INSTALL = YES;
				SWIFT_VERSION = 4.0;
				TARGETED_DEVICE_FAMILY = "1,2";
			};
			name = Debug;
		};
		210B7C601F1A77A600B7C878 /* Release */ = {
			isa = XCBuildConfiguration;
			buildSettings = {
				CLANG_ANALYZER_NUMBER_OBJECT_CONVERSION = YES_AGGRESSIVE;
				CLANG_WARN_SUSPICIOUS_MOVE = YES;
				CODE_SIGN_IDENTITY = "";
				"CODE_SIGN_IDENTITY[sdk=iphoneos*]" = "";
				DEFINES_MODULE = YES;
				DYLIB_COMPATIBILITY_VERSION = 1;
				DYLIB_CURRENT_VERSION = 1;
				DYLIB_INSTALL_NAME_BASE = "@rpath";
				INFOPLIST_FILE = "Extension-iOS/Info.plist";
				INSTALL_PATH = "$(LOCAL_LIBRARY_DIR)/Frameworks";
				IPHONEOS_DEPLOYMENT_TARGET = 8.0;
				LD_RUNPATH_SEARCH_PATHS = "$(inherited) @executable_path/Frameworks @loader_path/Frameworks";
				PRODUCT_BUNDLE_IDENTIFIER = "com.arkdan.Extension-iOS";
				PRODUCT_NAME = Extensions;
				SDKROOT = iphoneos;
				SKIP_INSTALL = YES;
				SWIFT_VERSION = 4.0;
				TARGETED_DEVICE_FAMILY = "1,2";
				VALIDATE_PRODUCT = YES;
			};
			name = Release;
		};
		210B7C621F1A77A600B7C878 /* Debug */ = {
			isa = XCBuildConfiguration;
			buildSettings = {
				ALWAYS_EMBED_SWIFT_STANDARD_LIBRARIES = YES;
				CLANG_ANALYZER_NUMBER_OBJECT_CONVERSION = YES_AGGRESSIVE;
				CLANG_WARN_SUSPICIOUS_MOVE = YES;
				"CODE_SIGN_IDENTITY[sdk=iphoneos*]" = "iPhone Developer";
				FRAMEWORK_SEARCH_PATHS = (
					"$(inherited)",
					"$(PROJECT_DIR)/UIKitExtensionsTests",
				);
				INFOPLIST_FILE = "Extension-iOSTests/Info.plist";
				IPHONEOS_DEPLOYMENT_TARGET = 10.3;
				LD_RUNPATH_SEARCH_PATHS = "$(inherited) @executable_path/Frameworks @loader_path/Frameworks";
				PRODUCT_BUNDLE_IDENTIFIER = "com.arkdan.Extension-iOSTests";
				PRODUCT_NAME = "$(TARGET_NAME)";
				SDKROOT = iphoneos;
				SWIFT_VERSION = 3.0;
			};
			name = Debug;
		};
		210B7C631F1A77A600B7C878 /* Release */ = {
			isa = XCBuildConfiguration;
			buildSettings = {
				ALWAYS_EMBED_SWIFT_STANDARD_LIBRARIES = YES;
				CLANG_ANALYZER_NUMBER_OBJECT_CONVERSION = YES_AGGRESSIVE;
				CLANG_WARN_SUSPICIOUS_MOVE = YES;
				"CODE_SIGN_IDENTITY[sdk=iphoneos*]" = "iPhone Developer";
				FRAMEWORK_SEARCH_PATHS = (
					"$(inherited)",
					"$(PROJECT_DIR)/UIKitExtensionsTests",
				);
				INFOPLIST_FILE = "Extension-iOSTests/Info.plist";
				IPHONEOS_DEPLOYMENT_TARGET = 10.3;
				LD_RUNPATH_SEARCH_PATHS = "$(inherited) @executable_path/Frameworks @loader_path/Frameworks";
				PRODUCT_BUNDLE_IDENTIFIER = "com.arkdan.Extension-iOSTests";
				PRODUCT_NAME = "$(TARGET_NAME)";
				SDKROOT = iphoneos;
				SWIFT_VERSION = 3.0;
				VALIDATE_PRODUCT = YES;
			};
			name = Release;
		};
		210B7CDA1F1A875C00B7C878 /* Debug */ = {
			isa = XCBuildConfiguration;
			buildSettings = {
				CLANG_ANALYZER_NUMBER_OBJECT_CONVERSION = YES_AGGRESSIVE;
				CLANG_ENABLE_MODULES = YES;
				CLANG_WARN_SUSPICIOUS_MOVE = YES;
				CODE_SIGN_IDENTITY = "";
				"CODE_SIGN_IDENTITY[sdk=iphoneos*]" = "";
				DEFINES_MODULE = YES;
				DYLIB_COMPATIBILITY_VERSION = 1;
				DYLIB_CURRENT_VERSION = 1;
				DYLIB_INSTALL_NAME_BASE = "@rpath";
				INFOPLIST_FILE = UIKitExtensions/Info.plist;
				INSTALL_PATH = "$(LOCAL_LIBRARY_DIR)/Frameworks";
				IPHONEOS_DEPLOYMENT_TARGET = 10.0;
				LD_RUNPATH_SEARCH_PATHS = "$(inherited) @executable_path/Frameworks @loader_path/Frameworks";
				PRODUCT_BUNDLE_IDENTIFIER = com.arkdan.UIKitExtensions;
				PRODUCT_NAME = "$(TARGET_NAME)";
				SDKROOT = iphoneos;
				SKIP_INSTALL = YES;
				SWIFT_OPTIMIZATION_LEVEL = "-Onone";
				SWIFT_VERSION = 4.0;
				TARGETED_DEVICE_FAMILY = "1,2";
			};
			name = Debug;
		};
		210B7CDB1F1A875C00B7C878 /* Release */ = {
			isa = XCBuildConfiguration;
			buildSettings = {
				CLANG_ANALYZER_NUMBER_OBJECT_CONVERSION = YES_AGGRESSIVE;
				CLANG_ENABLE_MODULES = YES;
				CLANG_WARN_SUSPICIOUS_MOVE = YES;
				CODE_SIGN_IDENTITY = "";
				"CODE_SIGN_IDENTITY[sdk=iphoneos*]" = "";
				DEFINES_MODULE = YES;
				DYLIB_COMPATIBILITY_VERSION = 1;
				DYLIB_CURRENT_VERSION = 1;
				DYLIB_INSTALL_NAME_BASE = "@rpath";
				INFOPLIST_FILE = UIKitExtensions/Info.plist;
				INSTALL_PATH = "$(LOCAL_LIBRARY_DIR)/Frameworks";
				IPHONEOS_DEPLOYMENT_TARGET = 10.0;
				LD_RUNPATH_SEARCH_PATHS = "$(inherited) @executable_path/Frameworks @loader_path/Frameworks";
				PRODUCT_BUNDLE_IDENTIFIER = com.arkdan.UIKitExtensions;
				PRODUCT_NAME = "$(TARGET_NAME)";
				SDKROOT = iphoneos;
				SKIP_INSTALL = YES;
				SWIFT_VERSION = 4.0;
				TARGETED_DEVICE_FAMILY = "1,2";
				VALIDATE_PRODUCT = YES;
			};
			name = Release;
		};
		210B7CDC1F1A875C00B7C878 /* Debug */ = {
			isa = XCBuildConfiguration;
			buildSettings = {
				ALWAYS_EMBED_SWIFT_STANDARD_LIBRARIES = YES;
				CLANG_ANALYZER_NUMBER_OBJECT_CONVERSION = YES_AGGRESSIVE;
				CLANG_WARN_SUSPICIOUS_MOVE = YES;
				"CODE_SIGN_IDENTITY[sdk=iphoneos*]" = "iPhone Developer";
				FRAMEWORK_SEARCH_PATHS = (
					"$(inherited)",
					"$(PROJECT_DIR)/UIKitExtensionsTests",
				);
				INFOPLIST_FILE = UIKitExtensionsTests/Info.plist;
				IPHONEOS_DEPLOYMENT_TARGET = 10.3;
				LD_RUNPATH_SEARCH_PATHS = "$(inherited) @executable_path/Frameworks @loader_path/Frameworks";
				PRODUCT_BUNDLE_IDENTIFIER = com.arkdan.UIKitExtensionsTests;
				PRODUCT_NAME = "$(TARGET_NAME)";
				SDKROOT = iphoneos;
				SWIFT_VERSION = 4.0;
			};
			name = Debug;
		};
		210B7CDD1F1A875C00B7C878 /* Release */ = {
			isa = XCBuildConfiguration;
			buildSettings = {
				ALWAYS_EMBED_SWIFT_STANDARD_LIBRARIES = YES;
				CLANG_ANALYZER_NUMBER_OBJECT_CONVERSION = YES_AGGRESSIVE;
				CLANG_WARN_SUSPICIOUS_MOVE = YES;
				"CODE_SIGN_IDENTITY[sdk=iphoneos*]" = "iPhone Developer";
				FRAMEWORK_SEARCH_PATHS = (
					"$(inherited)",
					"$(PROJECT_DIR)/UIKitExtensionsTests",
				);
				INFOPLIST_FILE = UIKitExtensionsTests/Info.plist;
				IPHONEOS_DEPLOYMENT_TARGET = 10.3;
				LD_RUNPATH_SEARCH_PATHS = "$(inherited) @executable_path/Frameworks @loader_path/Frameworks";
				PRODUCT_BUNDLE_IDENTIFIER = com.arkdan.UIKitExtensionsTests;
				PRODUCT_NAME = "$(TARGET_NAME)";
				SDKROOT = iphoneos;
				SWIFT_VERSION = 4.0;
				VALIDATE_PRODUCT = YES;
			};
			name = Release;
		};
		6BDD3AF51DDCECC6002B47A7 /* Debug */ = {
			isa = XCBuildConfiguration;
			buildSettings = {
				ALTERNATE_GROUP = "";
				ALTERNATE_OWNER = "";
				ALWAYS_SEARCH_USER_PATHS = NO;
				CLANG_ANALYZER_NONNULL = YES;
				CLANG_CXX_LANGUAGE_STANDARD = "gnu++0x";
				CLANG_CXX_LIBRARY = "libc++";
				CLANG_ENABLE_MODULES = YES;
				CLANG_ENABLE_OBJC_ARC = YES;
				CLANG_WARN_BLOCK_CAPTURE_AUTORELEASING = YES;
				CLANG_WARN_BOOL_CONVERSION = YES;
				CLANG_WARN_COMMA = YES;
				CLANG_WARN_CONSTANT_CONVERSION = YES;
				CLANG_WARN_DIRECT_OBJC_ISA_USAGE = YES_ERROR;
				CLANG_WARN_DOCUMENTATION_COMMENTS = YES;
				CLANG_WARN_EMPTY_BODY = YES;
				CLANG_WARN_ENUM_CONVERSION = YES;
				CLANG_WARN_INFINITE_RECURSION = YES;
				CLANG_WARN_INT_CONVERSION = YES;
				CLANG_WARN_NON_LITERAL_NULL_CONVERSION = YES;
				CLANG_WARN_OBJC_LITERAL_CONVERSION = YES;
				CLANG_WARN_OBJC_ROOT_CLASS = YES_ERROR;
				CLANG_WARN_RANGE_LOOP_ANALYSIS = YES;
				CLANG_WARN_STRICT_PROTOTYPES = YES;
				CLANG_WARN_SUSPICIOUS_MOVE = YES;
				CLANG_WARN_SUSPICIOUS_MOVES = YES;
				CLANG_WARN_UNREACHABLE_CODE = YES;
				CLANG_WARN__DUPLICATE_METHOD_MATCH = YES;
				CODE_SIGN_IDENTITY = "-";
				COPY_PHASE_STRIP = NO;
				CURRENT_PROJECT_VERSION = 1;
				DEBUG_INFORMATION_FORMAT = dwarf;
				ENABLE_STRICT_OBJC_MSGSEND = YES;
				ENABLE_TESTABILITY = YES;
				GCC_C_LANGUAGE_STANDARD = gnu99;
				GCC_DYNAMIC_NO_PIC = NO;
				GCC_NO_COMMON_BLOCKS = YES;
				GCC_OPTIMIZATION_LEVEL = 0;
				GCC_PREPROCESSOR_DEFINITIONS = (
					"DEBUG=1",
					"$(inherited)",
				);
				GCC_WARN_64_TO_32_BIT_CONVERSION = YES;
				GCC_WARN_ABOUT_RETURN_TYPE = YES_ERROR;
				GCC_WARN_UNDECLARED_SELECTOR = YES;
				GCC_WARN_UNINITIALIZED_AUTOS = YES_AGGRESSIVE;
				GCC_WARN_UNUSED_FUNCTION = YES;
				GCC_WARN_UNUSED_VARIABLE = YES;
				INSTALL_GROUP = "";
				INSTALL_OWNER = "";
				MACOSX_DEPLOYMENT_TARGET = 10.11;
				MTL_ENABLE_DEBUG_INFO = YES;
				ONLY_ACTIVE_ARCH = YES;
				SDKROOT = macosx;
				SWIFT_ACTIVE_COMPILATION_CONDITIONS = DEBUG;
				SWIFT_OPTIMIZATION_LEVEL = "-Onone";
				VERSIONING_SYSTEM = "apple-generic";
				VERSION_INFO_PREFIX = "";
			};
			name = Debug;
		};
		6BDD3AF61DDCECC6002B47A7 /* Release */ = {
			isa = XCBuildConfiguration;
			buildSettings = {
				ALWAYS_SEARCH_USER_PATHS = NO;
				CLANG_ANALYZER_NONNULL = YES;
				CLANG_CXX_LANGUAGE_STANDARD = "gnu++0x";
				CLANG_CXX_LIBRARY = "libc++";
				CLANG_ENABLE_MODULES = YES;
				CLANG_ENABLE_OBJC_ARC = YES;
				CLANG_WARN_BLOCK_CAPTURE_AUTORELEASING = YES;
				CLANG_WARN_BOOL_CONVERSION = YES;
				CLANG_WARN_COMMA = YES;
				CLANG_WARN_CONSTANT_CONVERSION = YES;
				CLANG_WARN_DIRECT_OBJC_ISA_USAGE = YES_ERROR;
				CLANG_WARN_DOCUMENTATION_COMMENTS = YES;
				CLANG_WARN_EMPTY_BODY = YES;
				CLANG_WARN_ENUM_CONVERSION = YES;
				CLANG_WARN_INFINITE_RECURSION = YES;
				CLANG_WARN_INT_CONVERSION = YES;
				CLANG_WARN_NON_LITERAL_NULL_CONVERSION = YES;
				CLANG_WARN_OBJC_LITERAL_CONVERSION = YES;
				CLANG_WARN_OBJC_ROOT_CLASS = YES_ERROR;
				CLANG_WARN_RANGE_LOOP_ANALYSIS = YES;
				CLANG_WARN_STRICT_PROTOTYPES = YES;
				CLANG_WARN_SUSPICIOUS_MOVE = YES;
				CLANG_WARN_SUSPICIOUS_MOVES = YES;
				CLANG_WARN_UNREACHABLE_CODE = YES;
				CLANG_WARN__DUPLICATE_METHOD_MATCH = YES;
				CODE_SIGN_IDENTITY = "-";
				COPY_PHASE_STRIP = NO;
				CURRENT_PROJECT_VERSION = 1;
				DEBUG_INFORMATION_FORMAT = "dwarf-with-dsym";
				ENABLE_NS_ASSERTIONS = NO;
				ENABLE_STRICT_OBJC_MSGSEND = YES;
				GCC_C_LANGUAGE_STANDARD = gnu99;
				GCC_NO_COMMON_BLOCKS = YES;
				GCC_WARN_64_TO_32_BIT_CONVERSION = YES;
				GCC_WARN_ABOUT_RETURN_TYPE = YES_ERROR;
				GCC_WARN_UNDECLARED_SELECTOR = YES;
				GCC_WARN_UNINITIALIZED_AUTOS = YES_AGGRESSIVE;
				GCC_WARN_UNUSED_FUNCTION = YES;
				GCC_WARN_UNUSED_VARIABLE = YES;
				MACOSX_DEPLOYMENT_TARGET = 10.11;
				MTL_ENABLE_DEBUG_INFO = NO;
				SDKROOT = macosx;
				SWIFT_OPTIMIZATION_LEVEL = "-Owholemodule";
				VERSIONING_SYSTEM = "apple-generic";
				VERSION_INFO_PREFIX = "";
			};
			name = Release;
		};
/* End XCBuildConfiguration section */

/* Begin XCConfigurationList section */
		210B7C421F1A74B000B7C878 /* Build configuration list for PBXNativeTarget "Extensions-macOS" */ = {
			isa = XCConfigurationList;
			buildConfigurations = (
				210B7C431F1A74B000B7C878 /* Debug */,
				210B7C441F1A74B000B7C878 /* Release */,
			);
			defaultConfigurationIsVisible = 0;
			defaultConfigurationName = Release;
		};
		210B7C451F1A74B000B7C878 /* Build configuration list for PBXNativeTarget "Extensions-macOSTests" */ = {
			isa = XCConfigurationList;
			buildConfigurations = (
				210B7C461F1A74B000B7C878 /* Debug */,
				210B7C471F1A74B000B7C878 /* Release */,
			);
			defaultConfigurationIsVisible = 0;
			defaultConfigurationName = Release;
		};
		210B7C5E1F1A77A600B7C878 /* Build configuration list for PBXNativeTarget "Extension-iOS" */ = {
			isa = XCConfigurationList;
			buildConfigurations = (
				210B7C5F1F1A77A600B7C878 /* Debug */,
				210B7C601F1A77A600B7C878 /* Release */,
			);
			defaultConfigurationIsVisible = 0;
			defaultConfigurationName = Release;
		};
		210B7C611F1A77A600B7C878 /* Build configuration list for PBXNativeTarget "Extension-iOSTests" */ = {
			isa = XCConfigurationList;
			buildConfigurations = (
				210B7C621F1A77A600B7C878 /* Debug */,
				210B7C631F1A77A600B7C878 /* Release */,
			);
			defaultConfigurationIsVisible = 0;
			defaultConfigurationName = Release;
		};
		210B7CDE1F1A875C00B7C878 /* Build configuration list for PBXNativeTarget "UIKitExtensions" */ = {
			isa = XCConfigurationList;
			buildConfigurations = (
				210B7CDA1F1A875C00B7C878 /* Debug */,
				210B7CDB1F1A875C00B7C878 /* Release */,
			);
			defaultConfigurationIsVisible = 0;
			defaultConfigurationName = Release;
		};
		210B7CDF1F1A875C00B7C878 /* Build configuration list for PBXNativeTarget "UIKitExtensionsTests" */ = {
			isa = XCConfigurationList;
			buildConfigurations = (
				210B7CDC1F1A875C00B7C878 /* Debug */,
				210B7CDD1F1A875C00B7C878 /* Release */,
			);
			defaultConfigurationIsVisible = 0;
			defaultConfigurationName = Release;
		};
		6BDD3AE91DDCECC6002B47A7 /* Build configuration list for PBXProject "ARKExtensions" */ = {
			isa = XCConfigurationList;
			buildConfigurations = (
				6BDD3AF51DDCECC6002B47A7 /* Debug */,
				6BDD3AF61DDCECC6002B47A7 /* Release */,
			);
			defaultConfigurationIsVisible = 0;
			defaultConfigurationName = Release;
		};
/* End XCConfigurationList section */
	};
	rootObject = 6BDD3AE61DDCECC6002B47A7 /* Project object */;
}
